// !$*UTF8*$!
{
	archiveVersion = 1;
	classes = {
	};
	objectVersion = 46;
	objects = {

/* Begin PBXAggregateTarget section */
		83623B741A22593700857720 /* Mogenerator */ = {
			isa = PBXAggregateTarget;
			buildConfigurationList = 83623B751A22593700857720 /* Build configuration list for PBXAggregateTarget "Mogenerator" */;
			buildPhases = (
				83623B781A22593F00857720 /* ShellScript */,
			);
			dependencies = (
			);
			name = Mogenerator;
			productName = Mogenerator;
		};
/* End PBXAggregateTarget section */

/* Begin PBXBuildFile section */
		1E6E8370812B060507D988A3 /* libPods-Fields.a in Frameworks */ = {isa = PBXBuildFile; fileRef = 09C2EA33E876B61FAF8E784E /* libPods-Fields.a */; };
		5C27147B38418195524E992E /* libPods-FieldsTests.a in Frameworks */ = {isa = PBXBuildFile; fileRef = 1D2F3CF78F86B750C928D2E9 /* libPods-FieldsTests.a */; };
		830037AD1A221C0C00CAA5D8 /* ListProjectsInteractor.m in Sources */ = {isa = PBXBuildFile; fileRef = 830037AC1A221C0C00CAA5D8 /* ListProjectsInteractor.m */; };
		830037AF1A221EA800CAA5D8 /* ListProjectsTests.m in Sources */ = {isa = PBXBuildFile; fileRef = 830037AE1A221EA800CAA5D8 /* ListProjectsTests.m */; };
		834327471A2138370051F525 /* AppDelegate.m in Sources */ = {isa = PBXBuildFile; fileRef = 834327461A2138370051F525 /* AppDelegate.m */; };
		8343278E1A2138930051F525 /* ProjectInteractor.m in Sources */ = {isa = PBXBuildFile; fileRef = 834327691A2138930051F525 /* ProjectInteractor.m */; };
		8343278F1A2138930051F525 /* FormMock.m in Sources */ = {isa = PBXBuildFile; fileRef = 8343276C1A2138930051F525 /* FormMock.m */; };
		834327901A2138930051F525 /* MocksProvider.m in Sources */ = {isa = PBXBuildFile; fileRef = 8343276E1A2138930051F525 /* MocksProvider.m */; };
		834327911A2138930051F525 /* ProjectMock.m in Sources */ = {isa = PBXBuildFile; fileRef = 834327701A2138930051F525 /* ProjectMock.m */; };
		834327921A2138930051F525 /* ReportMock.m in Sources */ = {isa = PBXBuildFile; fileRef = 834327721A2138930051F525 /* ReportMock.m */; };
		834327931A2138930051F525 /* _Project.m in Sources */ = {isa = PBXBuildFile; fileRef = 834327751A2138930051F525 /* _Project.m */; };
		834327941A2138930051F525 /* FieldsModel.xcdatamodeld in Sources */ = {isa = PBXBuildFile; fileRef = 834327761A2138930051F525 /* FieldsModel.xcdatamodeld */; };
		834327951A2138930051F525 /* Project.m in Sources */ = {isa = PBXBuildFile; fileRef = 834327791A2138930051F525 /* Project.m */; };
		834327961A2138930051F525 /* MBCoreDataStack.m in Sources */ = {isa = PBXBuildFile; fileRef = 8343277D1A2138930051F525 /* MBCoreDataStack.m */; };
		834327971A2138930051F525 /* MBCModalVCAnimator.m in Sources */ = {isa = PBXBuildFile; fileRef = 834327811A2138930051F525 /* MBCModalVCAnimator.m */; };
		834327981A2138930051F525 /* MBCoreDataCollectionViewController.m in Sources */ = {isa = PBXBuildFile; fileRef = 834327831A2138930051F525 /* MBCoreDataCollectionViewController.m */; };
		834327991A2138930051F525 /* MBCoreDataFetchControllerHelper.m in Sources */ = {isa = PBXBuildFile; fileRef = 834327851A2138930051F525 /* MBCoreDataFetchControllerHelper.m */; };
		8343279A1A2138930051F525 /* FormDesignerViewController.m in Sources */ = {isa = PBXBuildFile; fileRef = 834327871A2138930051F525 /* FormDesignerViewController.m */; };
		8343279B1A2138930051F525 /* FormsViewController.m in Sources */ = {isa = PBXBuildFile; fileRef = 834327891A2138930051F525 /* FormsViewController.m */; };
		8343279C1A2138930051F525 /* ProjectDetailViewController.m in Sources */ = {isa = PBXBuildFile; fileRef = 8343278B1A2138930051F525 /* ProjectDetailViewController.m */; };
		8343279D1A2138930051F525 /* ProjectsViewController.m in Sources */ = {isa = PBXBuildFile; fileRef = 8343278D1A2138930051F525 /* ProjectsViewController.m */; };
		834327A71A2138C50051F525 /* Images.xcassets in Resources */ = {isa = PBXBuildFile; fileRef = 8343279E1A2138C50051F525 /* Images.xcassets */; };
		834327A81A2138C50051F525 /* LaunchScreen.xib in Resources */ = {isa = PBXBuildFile; fileRef = 834327A01A2138C50051F525 /* LaunchScreen.xib */; };
		834327A91A2138C50051F525 /* Main.storyboard in Resources */ = {isa = PBXBuildFile; fileRef = 834327A21A2138C50051F525 /* Main.storyboard */; };
		834327AA1A2138C50051F525 /* FormCell.xib in Resources */ = {isa = PBXBuildFile; fileRef = 834327A41A2138C50051F525 /* FormCell.xib */; };
		834327AB1A2138C50051F525 /* FormCell.m in Sources */ = {isa = PBXBuildFile; fileRef = 834327A61A2138C50051F525 /* FormCell.m */; };
		834327AF1A21394F0051F525 /* Info.plist in Resources */ = {isa = PBXBuildFile; fileRef = 834327AD1A21394F0051F525 /* Info.plist */; };
		834327B01A21394F0051F525 /* main.m in Sources */ = {isa = PBXBuildFile; fileRef = 834327AE1A21394F0051F525 /* main.m */; };
		834327B21A21398A0051F525 /* ProjectTests.m in Sources */ = {isa = PBXBuildFile; fileRef = 834327B11A21398A0051F525 /* ProjectTests.m */; };
		835A00E91A21F27F003BDFE4 /* ProjectInteractorTests.m in Sources */ = {isa = PBXBuildFile; fileRef = 835A00E81A21F27F003BDFE4 /* ProjectInteractorTests.m */; };
		83623B731A22588500857720 /* ListFormsInteractor.m in Sources */ = {isa = PBXBuildFile; fileRef = 83623B721A22588500857720 /* ListFormsInteractor.m */; };
		83623B7D1A225F0100857720 /* _Form.m in Sources */ = {isa = PBXBuildFile; fileRef = 83623B7A1A225F0100857720 /* _Form.m */; };
		83623B7E1A225F0100857720 /* Form.m in Sources */ = {isa = PBXBuildFile; fileRef = 83623B7C1A225F0100857720 /* Form.m */; };
		83623B801A22771D00857720 /* FormInteractorTests.m in Sources */ = {isa = PBXBuildFile; fileRef = 83623B7F1A22771D00857720 /* FormInteractorTests.m */; };
		836811F11A24A15F00341B6D /* MBCBaseOptionsChooser.m in Sources */ = {isa = PBXBuildFile; fileRef = 836811F01A24A15F00341B6D /* MBCBaseOptionsChooser.m */; };
		837551941A25ECA10089CC41 /* FieldTypeCell.m in Sources */ = {isa = PBXBuildFile; fileRef = 837551931A25ECA10089CC41 /* FieldTypeCell.m */; };
		837551971A25EE190089CC41 /* FieldType.m in Sources */ = {isa = PBXBuildFile; fileRef = 837551961A25EE190089CC41 /* FieldType.m */; };
		8375519A1A25F02C0089CC41 /* FieldTypesProvider.m in Sources */ = {isa = PBXBuildFile; fileRef = 837551991A25F02C0089CC41 /* FieldTypesProvider.m */; };
		8375519D1A25F4840089CC41 /* FieldTypesListController.m in Sources */ = {isa = PBXBuildFile; fileRef = 8375519C1A25F4840089CC41 /* FieldTypesListController.m */; };
		837551A01A2628A50089CC41 /* FormCanvasManager.m in Sources */ = {isa = PBXBuildFile; fileRef = 8375519F1A2628A50089CC41 /* FormCanvasManager.m */; };
		837551A51A2639EF0089CC41 /* _FormField.m in Sources */ = {isa = PBXBuildFile; fileRef = 837551A21A2639EF0089CC41 /* _FormField.m */; };
		837551A61A2639EF0089CC41 /* FormField.m in Sources */ = {isa = PBXBuildFile; fileRef = 837551A41A2639EF0089CC41 /* FormField.m */; };
		837551AB1A263CEB0089CC41 /* DictionaryToDataTransformer.m in Sources */ = {isa = PBXBuildFile; fileRef = 837551A81A263CEB0089CC41 /* DictionaryToDataTransformer.m */; };
		837551AC1A263CEB0089CC41 /* ImageToDataTransformer.m in Sources */ = {isa = PBXBuildFile; fileRef = 837551AA1A263CEB0089CC41 /* ImageToDataTransformer.m */; };
		837551B51A263F3F0089CC41 /* _ImageField.m in Sources */ = {isa = PBXBuildFile; fileRef = 837551AE1A263F3F0089CC41 /* _ImageField.m */; };
		837551B61A263F3F0089CC41 /* _TextField.m in Sources */ = {isa = PBXBuildFile; fileRef = 837551B01A263F3F0089CC41 /* _TextField.m */; };
		837551B71A263F3F0089CC41 /* ImageField.m in Sources */ = {isa = PBXBuildFile; fileRef = 837551B21A263F3F0089CC41 /* ImageField.m */; };
		837551B81A263F3F0089CC41 /* TextField.m in Sources */ = {isa = PBXBuildFile; fileRef = 837551B41A263F3F0089CC41 /* TextField.m */; };
		837551BB1A2641770089CC41 /* FormFieldInteractor.m in Sources */ = {isa = PBXBuildFile; fileRef = 837551BA1A2641770089CC41 /* FormFieldInteractor.m */; };
		837551BE1A264A5D0089CC41 /* FormCanvasInteractor.m in Sources */ = {isa = PBXBuildFile; fileRef = 837551BD1A264A5D0089CC41 /* FormCanvasInteractor.m */; };
		837551C11A269E030089CC41 /* TextFieldCell.m in Sources */ = {isa = PBXBuildFile; fileRef = 837551C01A269E030089CC41 /* TextFieldCell.m */; };
		837551C41A269E210089CC41 /* ImageFieldCell.m in Sources */ = {isa = PBXBuildFile; fileRef = 837551C31A269E210089CC41 /* ImageFieldCell.m */; };
		837551C61A26A3430089CC41 /* FieldPropsTabView.xib in Resources */ = {isa = PBXBuildFile; fileRef = 837551C51A26A3430089CC41 /* FieldPropsTabView.xib */; };
		837551C91A26A3A20089CC41 /* FieldPropsTabView.m in Sources */ = {isa = PBXBuildFile; fileRef = 837551C81A26A3A20089CC41 /* FieldPropsTabView.m */; };
		837551CC1A26A7E20089CC41 /* BaseFieldCell.m in Sources */ = {isa = PBXBuildFile; fileRef = 837551CB1A26A7E20089CC41 /* BaseFieldCell.m */; };
		837FDE8D1A23516100D2EE0B /* FormPropsTabView.xib in Resources */ = {isa = PBXBuildFile; fileRef = 837FDE8C1A23516100D2EE0B /* FormPropsTabView.xib */; };
		837FDE901A2354B400D2EE0B /* FormPropsTabView.m in Sources */ = {isa = PBXBuildFile; fileRef = 837FDE8F1A2354B400D2EE0B /* FormPropsTabView.m */; };
		837FDE931A237B5800D2EE0B /* FormInteractor.m in Sources */ = {isa = PBXBuildFile; fileRef = 837FDE921A237B5800D2EE0B /* FormInteractor.m */; };
		837FDE951A23AC7A00D2EE0B /* FieldsRepo_future.plist in Resources */ = {isa = PBXBuildFile; fileRef = 837FDE941A23AC7A00D2EE0B /* FieldsRepo_future.plist */; };
		837FE4201A2561010011233E /* FieldsRepo.plist in Resources */ = {isa = PBXBuildFile; fileRef = 837FE41F1A2561010011233E /* FieldsRepo.plist */; };
		83A2A98F1A27509600E1E324 /* MBCoreDataTableViewController.m in Sources */ = {isa = PBXBuildFile; fileRef = 83A2A98E1A27509600E1E324 /* MBCoreDataTableViewController.m */; };
		83A2A9921A27538A00E1E324 /* ProjectsMasterViewController.m in Sources */ = {isa = PBXBuildFile; fileRef = 83A2A9911A27538A00E1E324 /* ProjectsMasterViewController.m */; };
		83A2A9951A27597F00E1E324 /* ProjectTCell.m in Sources */ = {isa = PBXBuildFile; fileRef = 83A2A9941A27597F00E1E324 /* ProjectTCell.m */; };
		83C742241A21470D00F189F2 /* BaseInteractor.m in Sources */ = {isa = PBXBuildFile; fileRef = 83C742231A21470D00F189F2 /* BaseInteractor.m */; };
		83C742281A2160AC00F189F2 /* MBCheck.m in Sources */ = {isa = PBXBuildFile; fileRef = 83C742271A2160AC00F189F2 /* MBCheck.m */; };
		83C7422B1A21610C00F189F2 /* NSString+MBExtensions.m in Sources */ = {isa = PBXBuildFile; fileRef = 83C7422A1A21610C00F189F2 /* NSString+MBExtensions.m */; };
		83DAA45C1A27F22A0095EBF9 /* UIColor+Fields.m in Sources */ = {isa = PBXBuildFile; fileRef = 83DAA45B1A27F22A0095EBF9 /* UIColor+Fields.m */; };
		83FD2DA01A281F8000BB42CB /* UIButton+Block.m in Sources */ = {isa = PBXBuildFile; fileRef = 83FD2D9F1A281F8000BB42CB /* UIButton+Block.m */; };
		83FD2DA31A28293500BB42CB /* FormCaptureViewController.m in Sources */ = {isa = PBXBuildFile; fileRef = 83FD2DA21A28293500BB42CB /* FormCaptureViewController.m */; };
/* End PBXBuildFile section */

/* Begin PBXContainerItemProxy section */
		834327581A2138370051F525 /* PBXContainerItemProxy */ = {
			isa = PBXContainerItemProxy;
			containerPortal = 834327361A2138370051F525 /* Project object */;
			proxyType = 1;
			remoteGlobalIDString = 8343273D1A2138370051F525;
			remoteInfo = Fields;
		};
/* End PBXContainerItemProxy section */

/* Begin PBXFileReference section */
		09C2EA33E876B61FAF8E784E /* libPods-Fields.a */ = {isa = PBXFileReference; explicitFileType = archive.ar; includeInIndex = 0; path = "libPods-Fields.a"; sourceTree = BUILT_PRODUCTS_DIR; };
		1D2F3CF78F86B750C928D2E9 /* libPods-FieldsTests.a */ = {isa = PBXFileReference; explicitFileType = archive.ar; includeInIndex = 0; path = "libPods-FieldsTests.a"; sourceTree = BUILT_PRODUCTS_DIR; };
		582B384B7E96EE42CC322516 /* Pods-Fields.release.xcconfig */ = {isa = PBXFileReference; includeInIndex = 1; lastKnownFileType = text.xcconfig; name = "Pods-Fields.release.xcconfig"; path = "Pods/Target Support Files/Pods-Fields/Pods-Fields.release.xcconfig"; sourceTree = "<group>"; };
		735451AE4814D256E83FC1BF /* Pods-FieldsTests.debug.xcconfig */ = {isa = PBXFileReference; includeInIndex = 1; lastKnownFileType = text.xcconfig; name = "Pods-FieldsTests.debug.xcconfig"; path = "Pods/Target Support Files/Pods-FieldsTests/Pods-FieldsTests.debug.xcconfig"; sourceTree = "<group>"; };
		830037AB1A221C0C00CAA5D8 /* ListProjectsInteractor.h */ = {isa = PBXFileReference; fileEncoding = 4; lastKnownFileType = sourcecode.c.h; path = ListProjectsInteractor.h; sourceTree = "<group>"; };
		830037AC1A221C0C00CAA5D8 /* ListProjectsInteractor.m */ = {isa = PBXFileReference; fileEncoding = 4; lastKnownFileType = sourcecode.c.objc; path = ListProjectsInteractor.m; sourceTree = "<group>"; };
		830037AE1A221EA800CAA5D8 /* ListProjectsTests.m */ = {isa = PBXFileReference; fileEncoding = 4; lastKnownFileType = sourcecode.c.objc; path = ListProjectsTests.m; sourceTree = "<group>"; };
		8343273E1A2138370051F525 /* Fields.app */ = {isa = PBXFileReference; explicitFileType = wrapper.application; includeInIndex = 0; path = Fields.app; sourceTree = BUILT_PRODUCTS_DIR; };
		834327451A2138370051F525 /* AppDelegate.h */ = {isa = PBXFileReference; lastKnownFileType = sourcecode.c.h; path = AppDelegate.h; sourceTree = "<group>"; };
		834327461A2138370051F525 /* AppDelegate.m */ = {isa = PBXFileReference; lastKnownFileType = sourcecode.c.objc; path = AppDelegate.m; sourceTree = "<group>"; };
		834327571A2138370051F525 /* FieldsTests.xctest */ = {isa = PBXFileReference; explicitFileType = wrapper.cfbundle; includeInIndex = 0; path = FieldsTests.xctest; sourceTree = BUILT_PRODUCTS_DIR; };
		8343275C1A2138370051F525 /* Info.plist */ = {isa = PBXFileReference; lastKnownFileType = text.plist.xml; path = Info.plist; sourceTree = "<group>"; };
		834327681A2138930051F525 /* ProjectInteractor.h */ = {isa = PBXFileReference; fileEncoding = 4; lastKnownFileType = sourcecode.c.h; path = ProjectInteractor.h; sourceTree = "<group>"; };
		834327691A2138930051F525 /* ProjectInteractor.m */ = {isa = PBXFileReference; fileEncoding = 4; lastKnownFileType = sourcecode.c.objc; path = ProjectInteractor.m; sourceTree = "<group>"; };
		8343276B1A2138930051F525 /* FormMock.h */ = {isa = PBXFileReference; fileEncoding = 4; lastKnownFileType = sourcecode.c.h; path = FormMock.h; sourceTree = "<group>"; };
		8343276C1A2138930051F525 /* FormMock.m */ = {isa = PBXFileReference; fileEncoding = 4; lastKnownFileType = sourcecode.c.objc; path = FormMock.m; sourceTree = "<group>"; };
		8343276D1A2138930051F525 /* MocksProvider.h */ = {isa = PBXFileReference; fileEncoding = 4; lastKnownFileType = sourcecode.c.h; path = MocksProvider.h; sourceTree = "<group>"; };
		8343276E1A2138930051F525 /* MocksProvider.m */ = {isa = PBXFileReference; fileEncoding = 4; lastKnownFileType = sourcecode.c.objc; path = MocksProvider.m; sourceTree = "<group>"; };
		8343276F1A2138930051F525 /* ProjectMock.h */ = {isa = PBXFileReference; fileEncoding = 4; lastKnownFileType = sourcecode.c.h; path = ProjectMock.h; sourceTree = "<group>"; };
		834327701A2138930051F525 /* ProjectMock.m */ = {isa = PBXFileReference; fileEncoding = 4; lastKnownFileType = sourcecode.c.objc; path = ProjectMock.m; sourceTree = "<group>"; };
		834327711A2138930051F525 /* ReportMock.h */ = {isa = PBXFileReference; fileEncoding = 4; lastKnownFileType = sourcecode.c.h; path = ReportMock.h; sourceTree = "<group>"; };
		834327721A2138930051F525 /* ReportMock.m */ = {isa = PBXFileReference; fileEncoding = 4; lastKnownFileType = sourcecode.c.objc; path = ReportMock.m; sourceTree = "<group>"; };
		834327741A2138930051F525 /* _Project.h */ = {isa = PBXFileReference; fileEncoding = 4; lastKnownFileType = sourcecode.c.h; path = _Project.h; sourceTree = "<group>"; };
		834327751A2138930051F525 /* _Project.m */ = {isa = PBXFileReference; fileEncoding = 4; lastKnownFileType = sourcecode.c.objc; path = _Project.m; sourceTree = "<group>"; };
		834327771A2138930051F525 /* FieldsModel.xcdatamodel */ = {isa = PBXFileReference; lastKnownFileType = wrapper.xcdatamodel; path = FieldsModel.xcdatamodel; sourceTree = "<group>"; };
		834327781A2138930051F525 /* Project.h */ = {isa = PBXFileReference; fileEncoding = 4; lastKnownFileType = sourcecode.c.h; path = Project.h; sourceTree = "<group>"; };
		834327791A2138930051F525 /* Project.m */ = {isa = PBXFileReference; fileEncoding = 4; lastKnownFileType = sourcecode.c.objc; path = Project.m; sourceTree = "<group>"; };
		8343277C1A2138930051F525 /* MBCoreDataStack.h */ = {isa = PBXFileReference; fileEncoding = 4; lastKnownFileType = sourcecode.c.h; path = MBCoreDataStack.h; sourceTree = "<group>"; };
		8343277D1A2138930051F525 /* MBCoreDataStack.m */ = {isa = PBXFileReference; fileEncoding = 4; lastKnownFileType = sourcecode.c.objc; path = MBCoreDataStack.m; sourceTree = "<group>"; };
		834327801A2138930051F525 /* MBCModalVCAnimator.h */ = {isa = PBXFileReference; fileEncoding = 4; lastKnownFileType = sourcecode.c.h; path = MBCModalVCAnimator.h; sourceTree = "<group>"; };
		834327811A2138930051F525 /* MBCModalVCAnimator.m */ = {isa = PBXFileReference; fileEncoding = 4; lastKnownFileType = sourcecode.c.objc; path = MBCModalVCAnimator.m; sourceTree = "<group>"; };
		834327821A2138930051F525 /* MBCoreDataCollectionViewController.h */ = {isa = PBXFileReference; fileEncoding = 4; lastKnownFileType = sourcecode.c.h; path = MBCoreDataCollectionViewController.h; sourceTree = "<group>"; };
		834327831A2138930051F525 /* MBCoreDataCollectionViewController.m */ = {isa = PBXFileReference; fileEncoding = 4; lastKnownFileType = sourcecode.c.objc; path = MBCoreDataCollectionViewController.m; sourceTree = "<group>"; };
		834327841A2138930051F525 /* MBCoreDataFetchControllerHelper.h */ = {isa = PBXFileReference; fileEncoding = 4; lastKnownFileType = sourcecode.c.h; path = MBCoreDataFetchControllerHelper.h; sourceTree = "<group>"; };
		834327851A2138930051F525 /* MBCoreDataFetchControllerHelper.m */ = {isa = PBXFileReference; fileEncoding = 4; lastKnownFileType = sourcecode.c.objc; path = MBCoreDataFetchControllerHelper.m; sourceTree = "<group>"; };
		834327861A2138930051F525 /* FormDesignerViewController.h */ = {isa = PBXFileReference; fileEncoding = 4; lastKnownFileType = sourcecode.c.h; path = FormDesignerViewController.h; sourceTree = "<group>"; };
		834327871A2138930051F525 /* FormDesignerViewController.m */ = {isa = PBXFileReference; fileEncoding = 4; lastKnownFileType = sourcecode.c.objc; path = FormDesignerViewController.m; sourceTree = "<group>"; };
		834327881A2138930051F525 /* FormsViewController.h */ = {isa = PBXFileReference; fileEncoding = 4; lastKnownFileType = sourcecode.c.h; path = FormsViewController.h; sourceTree = "<group>"; };
		834327891A2138930051F525 /* FormsViewController.m */ = {isa = PBXFileReference; fileEncoding = 4; lastKnownFileType = sourcecode.c.objc; path = FormsViewController.m; sourceTree = "<group>"; };
		8343278A1A2138930051F525 /* ProjectDetailViewController.h */ = {isa = PBXFileReference; fileEncoding = 4; lastKnownFileType = sourcecode.c.h; path = ProjectDetailViewController.h; sourceTree = "<group>"; };
		8343278B1A2138930051F525 /* ProjectDetailViewController.m */ = {isa = PBXFileReference; fileEncoding = 4; lastKnownFileType = sourcecode.c.objc; path = ProjectDetailViewController.m; sourceTree = "<group>"; };
		8343278C1A2138930051F525 /* ProjectsViewController.h */ = {isa = PBXFileReference; fileEncoding = 4; lastKnownFileType = sourcecode.c.h; path = ProjectsViewController.h; sourceTree = "<group>"; };
		8343278D1A2138930051F525 /* ProjectsViewController.m */ = {isa = PBXFileReference; fileEncoding = 4; lastKnownFileType = sourcecode.c.objc; path = ProjectsViewController.m; sourceTree = "<group>"; };
		8343279E1A2138C50051F525 /* Images.xcassets */ = {isa = PBXFileReference; lastKnownFileType = folder.assetcatalog; path = Images.xcassets; sourceTree = "<group>"; };
		834327A11A2138C50051F525 /* Base */ = {isa = PBXFileReference; lastKnownFileType = file.xib; name = Base; path = Base.lproj/LaunchScreen.xib; sourceTree = "<group>"; };
		834327A31A2138C50051F525 /* Base */ = {isa = PBXFileReference; lastKnownFileType = file.storyboard; name = Base; path = Base.lproj/Main.storyboard; sourceTree = "<group>"; };
		834327A41A2138C50051F525 /* FormCell.xib */ = {isa = PBXFileReference; fileEncoding = 4; lastKnownFileType = file.xib; path = FormCell.xib; sourceTree = "<group>"; };
		834327A51A2138C50051F525 /* FormCell.h */ = {isa = PBXFileReference; fileEncoding = 4; lastKnownFileType = sourcecode.c.h; path = FormCell.h; sourceTree = "<group>"; };
		834327A61A2138C50051F525 /* FormCell.m */ = {isa = PBXFileReference; fileEncoding = 4; lastKnownFileType = sourcecode.c.objc; path = FormCell.m; sourceTree = "<group>"; };
		834327AD1A21394F0051F525 /* Info.plist */ = {isa = PBXFileReference; fileEncoding = 4; lastKnownFileType = text.plist.xml; path = Info.plist; sourceTree = "<group>"; };
		834327AE1A21394F0051F525 /* main.m */ = {isa = PBXFileReference; fileEncoding = 4; lastKnownFileType = sourcecode.c.objc; path = main.m; sourceTree = "<group>"; };
		834327B11A21398A0051F525 /* ProjectTests.m */ = {isa = PBXFileReference; fileEncoding = 4; lastKnownFileType = sourcecode.c.objc; path = ProjectTests.m; sourceTree = "<group>"; };
		835A00E81A21F27F003BDFE4 /* ProjectInteractorTests.m */ = {isa = PBXFileReference; fileEncoding = 4; lastKnownFileType = sourcecode.c.objc; path = ProjectInteractorTests.m; sourceTree = "<group>"; };
		83623B711A22588500857720 /* ListFormsInteractor.h */ = {isa = PBXFileReference; fileEncoding = 4; lastKnownFileType = sourcecode.c.h; path = ListFormsInteractor.h; sourceTree = "<group>"; };
		83623B721A22588500857720 /* ListFormsInteractor.m */ = {isa = PBXFileReference; fileEncoding = 4; lastKnownFileType = sourcecode.c.objc; path = ListFormsInteractor.m; sourceTree = "<group>"; };
		83623B791A225F0100857720 /* _Form.h */ = {isa = PBXFileReference; fileEncoding = 4; lastKnownFileType = sourcecode.c.h; path = _Form.h; sourceTree = "<group>"; };
		83623B7A1A225F0100857720 /* _Form.m */ = {isa = PBXFileReference; fileEncoding = 4; lastKnownFileType = sourcecode.c.objc; path = _Form.m; sourceTree = "<group>"; };
		83623B7B1A225F0100857720 /* Form.h */ = {isa = PBXFileReference; fileEncoding = 4; lastKnownFileType = sourcecode.c.h; path = Form.h; sourceTree = "<group>"; };
		83623B7C1A225F0100857720 /* Form.m */ = {isa = PBXFileReference; fileEncoding = 4; lastKnownFileType = sourcecode.c.objc; path = Form.m; sourceTree = "<group>"; };
		83623B7F1A22771D00857720 /* FormInteractorTests.m */ = {isa = PBXFileReference; fileEncoding = 4; lastKnownFileType = sourcecode.c.objc; path = FormInteractorTests.m; sourceTree = "<group>"; };
		836811EF1A24A15F00341B6D /* MBCBaseOptionsChooser.h */ = {isa = PBXFileReference; fileEncoding = 4; lastKnownFileType = sourcecode.c.h; path = MBCBaseOptionsChooser.h; sourceTree = "<group>"; };
		836811F01A24A15F00341B6D /* MBCBaseOptionsChooser.m */ = {isa = PBXFileReference; fileEncoding = 4; lastKnownFileType = sourcecode.c.objc; path = MBCBaseOptionsChooser.m; sourceTree = "<group>"; };
		837551921A25ECA00089CC41 /* FieldTypeCell.h */ = {isa = PBXFileReference; fileEncoding = 4; lastKnownFileType = sourcecode.c.h; path = FieldTypeCell.h; sourceTree = "<group>"; };
		837551931A25ECA10089CC41 /* FieldTypeCell.m */ = {isa = PBXFileReference; fileEncoding = 4; lastKnownFileType = sourcecode.c.objc; path = FieldTypeCell.m; sourceTree = "<group>"; };
		837551951A25EE190089CC41 /* FieldType.h */ = {isa = PBXFileReference; fileEncoding = 4; lastKnownFileType = sourcecode.c.h; path = FieldType.h; sourceTree = "<group>"; };
		837551961A25EE190089CC41 /* FieldType.m */ = {isa = PBXFileReference; fileEncoding = 4; lastKnownFileType = sourcecode.c.objc; path = FieldType.m; sourceTree = "<group>"; };
		837551981A25F02C0089CC41 /* FieldTypesProvider.h */ = {isa = PBXFileReference; fileEncoding = 4; lastKnownFileType = sourcecode.c.h; path = FieldTypesProvider.h; sourceTree = "<group>"; };
		837551991A25F02C0089CC41 /* FieldTypesProvider.m */ = {isa = PBXFileReference; fileEncoding = 4; lastKnownFileType = sourcecode.c.objc; path = FieldTypesProvider.m; sourceTree = "<group>"; };
		8375519B1A25F4840089CC41 /* FieldTypesListController.h */ = {isa = PBXFileReference; fileEncoding = 4; lastKnownFileType = sourcecode.c.h; path = FieldTypesListController.h; sourceTree = "<group>"; };
		8375519C1A25F4840089CC41 /* FieldTypesListController.m */ = {isa = PBXFileReference; fileEncoding = 4; lastKnownFileType = sourcecode.c.objc; path = FieldTypesListController.m; sourceTree = "<group>"; };
		8375519E1A2628A50089CC41 /* FormCanvasManager.h */ = {isa = PBXFileReference; fileEncoding = 4; lastKnownFileType = sourcecode.c.h; path = FormCanvasManager.h; sourceTree = "<group>"; };
		8375519F1A2628A50089CC41 /* FormCanvasManager.m */ = {isa = PBXFileReference; fileEncoding = 4; lastKnownFileType = sourcecode.c.objc; path = FormCanvasManager.m; sourceTree = "<group>"; };
		837551A11A2639EF0089CC41 /* _FormField.h */ = {isa = PBXFileReference; fileEncoding = 4; lastKnownFileType = sourcecode.c.h; path = _FormField.h; sourceTree = "<group>"; };
		837551A21A2639EF0089CC41 /* _FormField.m */ = {isa = PBXFileReference; fileEncoding = 4; lastKnownFileType = sourcecode.c.objc; path = _FormField.m; sourceTree = "<group>"; };
		837551A31A2639EF0089CC41 /* FormField.h */ = {isa = PBXFileReference; fileEncoding = 4; lastKnownFileType = sourcecode.c.h; path = FormField.h; sourceTree = "<group>"; };
		837551A41A2639EF0089CC41 /* FormField.m */ = {isa = PBXFileReference; fileEncoding = 4; lastKnownFileType = sourcecode.c.objc; path = FormField.m; sourceTree = "<group>"; };
		837551A71A263CEB0089CC41 /* DictionaryToDataTransformer.h */ = {isa = PBXFileReference; fileEncoding = 4; lastKnownFileType = sourcecode.c.h; path = DictionaryToDataTransformer.h; sourceTree = "<group>"; };
		837551A81A263CEB0089CC41 /* DictionaryToDataTransformer.m */ = {isa = PBXFileReference; fileEncoding = 4; lastKnownFileType = sourcecode.c.objc; path = DictionaryToDataTransformer.m; sourceTree = "<group>"; };
		837551A91A263CEB0089CC41 /* ImageToDataTransformer.h */ = {isa = PBXFileReference; fileEncoding = 4; lastKnownFileType = sourcecode.c.h; path = ImageToDataTransformer.h; sourceTree = "<group>"; };
		837551AA1A263CEB0089CC41 /* ImageToDataTransformer.m */ = {isa = PBXFileReference; fileEncoding = 4; lastKnownFileType = sourcecode.c.objc; path = ImageToDataTransformer.m; sourceTree = "<group>"; };
		837551AD1A263F3F0089CC41 /* _ImageField.h */ = {isa = PBXFileReference; fileEncoding = 4; lastKnownFileType = sourcecode.c.h; path = _ImageField.h; sourceTree = "<group>"; };
		837551AE1A263F3F0089CC41 /* _ImageField.m */ = {isa = PBXFileReference; fileEncoding = 4; lastKnownFileType = sourcecode.c.objc; path = _ImageField.m; sourceTree = "<group>"; };
		837551AF1A263F3F0089CC41 /* _TextField.h */ = {isa = PBXFileReference; fileEncoding = 4; lastKnownFileType = sourcecode.c.h; path = _TextField.h; sourceTree = "<group>"; };
		837551B01A263F3F0089CC41 /* _TextField.m */ = {isa = PBXFileReference; fileEncoding = 4; lastKnownFileType = sourcecode.c.objc; path = _TextField.m; sourceTree = "<group>"; };
		837551B11A263F3F0089CC41 /* ImageField.h */ = {isa = PBXFileReference; fileEncoding = 4; lastKnownFileType = sourcecode.c.h; path = ImageField.h; sourceTree = "<group>"; };
		837551B21A263F3F0089CC41 /* ImageField.m */ = {isa = PBXFileReference; fileEncoding = 4; lastKnownFileType = sourcecode.c.objc; path = ImageField.m; sourceTree = "<group>"; };
		837551B31A263F3F0089CC41 /* TextField.h */ = {isa = PBXFileReference; fileEncoding = 4; lastKnownFileType = sourcecode.c.h; path = TextField.h; sourceTree = "<group>"; };
		837551B41A263F3F0089CC41 /* TextField.m */ = {isa = PBXFileReference; fileEncoding = 4; lastKnownFileType = sourcecode.c.objc; path = TextField.m; sourceTree = "<group>"; };
		837551B91A2641770089CC41 /* FormFieldInteractor.h */ = {isa = PBXFileReference; fileEncoding = 4; lastKnownFileType = sourcecode.c.h; path = FormFieldInteractor.h; sourceTree = "<group>"; };
		837551BA1A2641770089CC41 /* FormFieldInteractor.m */ = {isa = PBXFileReference; fileEncoding = 4; lastKnownFileType = sourcecode.c.objc; path = FormFieldInteractor.m; sourceTree = "<group>"; };
		837551BC1A264A5D0089CC41 /* FormCanvasInteractor.h */ = {isa = PBXFileReference; fileEncoding = 4; lastKnownFileType = sourcecode.c.h; path = FormCanvasInteractor.h; sourceTree = "<group>"; };
		837551BD1A264A5D0089CC41 /* FormCanvasInteractor.m */ = {isa = PBXFileReference; fileEncoding = 4; lastKnownFileType = sourcecode.c.objc; path = FormCanvasInteractor.m; sourceTree = "<group>"; };
		837551BF1A269E030089CC41 /* TextFieldCell.h */ = {isa = PBXFileReference; fileEncoding = 4; lastKnownFileType = sourcecode.c.h; path = TextFieldCell.h; sourceTree = "<group>"; };
		837551C01A269E030089CC41 /* TextFieldCell.m */ = {isa = PBXFileReference; fileEncoding = 4; lastKnownFileType = sourcecode.c.objc; path = TextFieldCell.m; sourceTree = "<group>"; };
		837551C21A269E210089CC41 /* ImageFieldCell.h */ = {isa = PBXFileReference; fileEncoding = 4; lastKnownFileType = sourcecode.c.h; path = ImageFieldCell.h; sourceTree = "<group>"; };
		837551C31A269E210089CC41 /* ImageFieldCell.m */ = {isa = PBXFileReference; fileEncoding = 4; lastKnownFileType = sourcecode.c.objc; path = ImageFieldCell.m; sourceTree = "<group>"; };
		837551C51A26A3430089CC41 /* FieldPropsTabView.xib */ = {isa = PBXFileReference; fileEncoding = 4; lastKnownFileType = file.xib; path = FieldPropsTabView.xib; sourceTree = "<group>"; };
		837551C71A26A3A20089CC41 /* FieldPropsTabView.h */ = {isa = PBXFileReference; fileEncoding = 4; lastKnownFileType = sourcecode.c.h; path = FieldPropsTabView.h; sourceTree = "<group>"; };
		837551C81A26A3A20089CC41 /* FieldPropsTabView.m */ = {isa = PBXFileReference; fileEncoding = 4; lastKnownFileType = sourcecode.c.objc; path = FieldPropsTabView.m; sourceTree = "<group>"; };
		837551CA1A26A7E20089CC41 /* BaseFieldCell.h */ = {isa = PBXFileReference; fileEncoding = 4; lastKnownFileType = sourcecode.c.h; path = BaseFieldCell.h; sourceTree = "<group>"; };
		837551CB1A26A7E20089CC41 /* BaseFieldCell.m */ = {isa = PBXFileReference; fileEncoding = 4; lastKnownFileType = sourcecode.c.objc; path = BaseFieldCell.m; sourceTree = "<group>"; };
		837FDE8C1A23516100D2EE0B /* FormPropsTabView.xib */ = {isa = PBXFileReference; fileEncoding = 4; lastKnownFileType = file.xib; path = FormPropsTabView.xib; sourceTree = "<group>"; };
		837FDE8E1A2354B400D2EE0B /* FormPropsTabView.h */ = {isa = PBXFileReference; fileEncoding = 4; lastKnownFileType = sourcecode.c.h; path = FormPropsTabView.h; sourceTree = "<group>"; };
		837FDE8F1A2354B400D2EE0B /* FormPropsTabView.m */ = {isa = PBXFileReference; fileEncoding = 4; lastKnownFileType = sourcecode.c.objc; path = FormPropsTabView.m; sourceTree = "<group>"; };
		837FDE911A237B5800D2EE0B /* FormInteractor.h */ = {isa = PBXFileReference; fileEncoding = 4; lastKnownFileType = sourcecode.c.h; path = FormInteractor.h; sourceTree = "<group>"; };
		837FDE921A237B5800D2EE0B /* FormInteractor.m */ = {isa = PBXFileReference; fileEncoding = 4; lastKnownFileType = sourcecode.c.objc; path = FormInteractor.m; sourceTree = "<group>"; };
		837FDE941A23AC7A00D2EE0B /* FieldsRepo_future.plist */ = {isa = PBXFileReference; fileEncoding = 4; lastKnownFileType = text.plist.xml; path = FieldsRepo_future.plist; sourceTree = "<group>"; };
		837FE41F1A2561010011233E /* FieldsRepo.plist */ = {isa = PBXFileReference; fileEncoding = 4; lastKnownFileType = text.plist.xml; path = FieldsRepo.plist; sourceTree = "<group>"; };
		83A2A98D1A27509600E1E324 /* MBCoreDataTableViewController.h */ = {isa = PBXFileReference; fileEncoding = 4; lastKnownFileType = sourcecode.c.h; path = MBCoreDataTableViewController.h; sourceTree = "<group>"; };
		83A2A98E1A27509600E1E324 /* MBCoreDataTableViewController.m */ = {isa = PBXFileReference; fileEncoding = 4; lastKnownFileType = sourcecode.c.objc; path = MBCoreDataTableViewController.m; sourceTree = "<group>"; };
		83A2A9901A27538A00E1E324 /* ProjectsMasterViewController.h */ = {isa = PBXFileReference; fileEncoding = 4; lastKnownFileType = sourcecode.c.h; path = ProjectsMasterViewController.h; sourceTree = "<group>"; };
		83A2A9911A27538A00E1E324 /* ProjectsMasterViewController.m */ = {isa = PBXFileReference; fileEncoding = 4; lastKnownFileType = sourcecode.c.objc; path = ProjectsMasterViewController.m; sourceTree = "<group>"; };
		83A2A9931A27597F00E1E324 /* ProjectTCell.h */ = {isa = PBXFileReference; fileEncoding = 4; lastKnownFileType = sourcecode.c.h; path = ProjectTCell.h; sourceTree = "<group>"; };
		83A2A9941A27597F00E1E324 /* ProjectTCell.m */ = {isa = PBXFileReference; fileEncoding = 4; lastKnownFileType = sourcecode.c.objc; path = ProjectTCell.m; sourceTree = "<group>"; };
		83C742221A21470D00F189F2 /* BaseInteractor.h */ = {isa = PBXFileReference; fileEncoding = 4; lastKnownFileType = sourcecode.c.h; path = BaseInteractor.h; sourceTree = "<group>"; };
		83C742231A21470D00F189F2 /* BaseInteractor.m */ = {isa = PBXFileReference; fileEncoding = 4; lastKnownFileType = sourcecode.c.objc; path = BaseInteractor.m; sourceTree = "<group>"; };
		83C742261A2160AC00F189F2 /* MBCheck.h */ = {isa = PBXFileReference; fileEncoding = 4; lastKnownFileType = sourcecode.c.h; path = MBCheck.h; sourceTree = "<group>"; };
		83C742271A2160AC00F189F2 /* MBCheck.m */ = {isa = PBXFileReference; fileEncoding = 4; lastKnownFileType = sourcecode.c.objc; path = MBCheck.m; sourceTree = "<group>"; };
		83C742291A21610C00F189F2 /* NSString+MBExtensions.h */ = {isa = PBXFileReference; fileEncoding = 4; lastKnownFileType = sourcecode.c.h; path = "NSString+MBExtensions.h"; sourceTree = "<group>"; };
		83C7422A1A21610C00F189F2 /* NSString+MBExtensions.m */ = {isa = PBXFileReference; fileEncoding = 4; lastKnownFileType = sourcecode.c.objc; path = "NSString+MBExtensions.m"; sourceTree = "<group>"; };
		83DAA45A1A27F22A0095EBF9 /* UIColor+Fields.h */ = {isa = PBXFileReference; fileEncoding = 4; lastKnownFileType = sourcecode.c.h; path = "UIColor+Fields.h"; sourceTree = "<group>"; };
		83DAA45B1A27F22A0095EBF9 /* UIColor+Fields.m */ = {isa = PBXFileReference; fileEncoding = 4; lastKnownFileType = sourcecode.c.objc; path = "UIColor+Fields.m"; sourceTree = "<group>"; };
		83FD2D9E1A281F8000BB42CB /* UIButton+Block.h */ = {isa = PBXFileReference; fileEncoding = 4; lastKnownFileType = sourcecode.c.h; path = "UIButton+Block.h"; sourceTree = "<group>"; };
		83FD2D9F1A281F8000BB42CB /* UIButton+Block.m */ = {isa = PBXFileReference; fileEncoding = 4; lastKnownFileType = sourcecode.c.objc; path = "UIButton+Block.m"; sourceTree = "<group>"; };
		83FD2DA11A28293500BB42CB /* FormCaptureViewController.h */ = {isa = PBXFileReference; fileEncoding = 4; lastKnownFileType = sourcecode.c.h; path = FormCaptureViewController.h; sourceTree = "<group>"; };
		83FD2DA21A28293500BB42CB /* FormCaptureViewController.m */ = {isa = PBXFileReference; fileEncoding = 4; lastKnownFileType = sourcecode.c.objc; path = FormCaptureViewController.m; sourceTree = "<group>"; };
		B6D6B29054DCBEC82017844B /* Pods-Fields.debug.xcconfig */ = {isa = PBXFileReference; includeInIndex = 1; lastKnownFileType = text.xcconfig; name = "Pods-Fields.debug.xcconfig"; path = "Pods/Target Support Files/Pods-Fields/Pods-Fields.debug.xcconfig"; sourceTree = "<group>"; };
		C66CC624971DF55DF96F8F06 /* Pods-FieldsTests.release.xcconfig */ = {isa = PBXFileReference; includeInIndex = 1; lastKnownFileType = text.xcconfig; name = "Pods-FieldsTests.release.xcconfig"; path = "Pods/Target Support Files/Pods-FieldsTests/Pods-FieldsTests.release.xcconfig"; sourceTree = "<group>"; };
/* End PBXFileReference section */

/* Begin PBXFrameworksBuildPhase section */
		8343273B1A2138370051F525 /* Frameworks */ = {
			isa = PBXFrameworksBuildPhase;
			buildActionMask = 2147483647;
			files = (
				1E6E8370812B060507D988A3 /* libPods-Fields.a in Frameworks */,
			);
			runOnlyForDeploymentPostprocessing = 0;
		};
		834327541A2138370051F525 /* Frameworks */ = {
			isa = PBXFrameworksBuildPhase;
			buildActionMask = 2147483647;
			files = (
				5C27147B38418195524E992E /* libPods-FieldsTests.a in Frameworks */,
			);
			runOnlyForDeploymentPostprocessing = 0;
		};
/* End PBXFrameworksBuildPhase section */

/* Begin PBXGroup section */
		834327351A2138370051F525 = {
			isa = PBXGroup;
			children = (
				834327401A2138370051F525 /* Fields */,
				8343275A1A2138370051F525 /* FieldsTests */,
				8343273F1A2138370051F525 /* Products */,
				D77E571D587ECE85355E0F2A /* Pods */,
				FE1D744CECA407B986A2417C /* Frameworks */,
			);
			sourceTree = "<group>";
		};
		8343273F1A2138370051F525 /* Products */ = {
			isa = PBXGroup;
			children = (
				8343273E1A2138370051F525 /* Fields.app */,
				834327571A2138370051F525 /* FieldsTests.xctest */,
			);
			name = Products;
			sourceTree = "<group>";
		};
		834327401A2138370051F525 /* Fields */ = {
			isa = PBXGroup;
			children = (
				834327451A2138370051F525 /* AppDelegate.h */,
				834327461A2138370051F525 /* AppDelegate.m */,
				8343279E1A2138C50051F525 /* Images.xcassets */,
				83C742251A2160AC00F189F2 /* Utils */,
				8343277B1A2138930051F525 /* Services */,
				834327671A2138930051F525 /* Interactors */,
				8343276A1A2138930051F525 /* Mocks */,
				834327731A2138930051F525 /* Models */,
				8343277A1A2138930051F525 /* Resources */,
				8343277E1A2138930051F525 /* ViewControllers */,
				8343279F1A2138C50051F525 /* Views */,
				834327AC1A21394F0051F525 /* Supporting Files */,
			);
			path = Fields;
			sourceTree = "<group>";
		};
		8343275A1A2138370051F525 /* FieldsTests */ = {
			isa = PBXGroup;
			children = (
				834327B11A21398A0051F525 /* ProjectTests.m */,
				835A00E81A21F27F003BDFE4 /* ProjectInteractorTests.m */,
				830037AE1A221EA800CAA5D8 /* ListProjectsTests.m */,
				83623B7F1A22771D00857720 /* FormInteractorTests.m */,
				8343275B1A2138370051F525 /* Supporting Files */,
			);
			path = FieldsTests;
			sourceTree = "<group>";
		};
		8343275B1A2138370051F525 /* Supporting Files */ = {
			isa = PBXGroup;
			children = (
				8343275C1A2138370051F525 /* Info.plist */,
			);
			name = "Supporting Files";
			sourceTree = "<group>";
		};
		834327671A2138930051F525 /* Interactors */ = {
			isa = PBXGroup;
			children = (
				83C742221A21470D00F189F2 /* BaseInteractor.h */,
				83C742231A21470D00F189F2 /* BaseInteractor.m */,
				834327681A2138930051F525 /* ProjectInteractor.h */,
				834327691A2138930051F525 /* ProjectInteractor.m */,
				830037AB1A221C0C00CAA5D8 /* ListProjectsInteractor.h */,
				830037AC1A221C0C00CAA5D8 /* ListProjectsInteractor.m */,
				83623B711A22588500857720 /* ListFormsInteractor.h */,
				83623B721A22588500857720 /* ListFormsInteractor.m */,
				837FDE911A237B5800D2EE0B /* FormInteractor.h */,
				837FDE921A237B5800D2EE0B /* FormInteractor.m */,
				837551B91A2641770089CC41 /* FormFieldInteractor.h */,
				837551BA1A2641770089CC41 /* FormFieldInteractor.m */,
				837551BC1A264A5D0089CC41 /* FormCanvasInteractor.h */,
				837551BD1A264A5D0089CC41 /* FormCanvasInteractor.m */,
			);
			path = Interactors;
			sourceTree = "<group>";
		};
		8343276A1A2138930051F525 /* Mocks */ = {
			isa = PBXGroup;
			children = (
				8343276B1A2138930051F525 /* FormMock.h */,
				8343276C1A2138930051F525 /* FormMock.m */,
				8343276D1A2138930051F525 /* MocksProvider.h */,
				8343276E1A2138930051F525 /* MocksProvider.m */,
				8343276F1A2138930051F525 /* ProjectMock.h */,
				834327701A2138930051F525 /* ProjectMock.m */,
				834327711A2138930051F525 /* ReportMock.h */,
				834327721A2138930051F525 /* ReportMock.m */,
			);
			path = Mocks;
			sourceTree = "<group>";
		};
		834327731A2138930051F525 /* Models */ = {
			isa = PBXGroup;
			children = (
				837551AD1A263F3F0089CC41 /* _ImageField.h */,
				837551AE1A263F3F0089CC41 /* _ImageField.m */,
				837551AF1A263F3F0089CC41 /* _TextField.h */,
				837551B01A263F3F0089CC41 /* _TextField.m */,
				837551B11A263F3F0089CC41 /* ImageField.h */,
				837551B21A263F3F0089CC41 /* ImageField.m */,
				837551B31A263F3F0089CC41 /* TextField.h */,
				837551B41A263F3F0089CC41 /* TextField.m */,
				837551A11A2639EF0089CC41 /* _FormField.h */,
				837551A21A2639EF0089CC41 /* _FormField.m */,
				837551A31A2639EF0089CC41 /* FormField.h */,
				837551A41A2639EF0089CC41 /* FormField.m */,
				83623B791A225F0100857720 /* _Form.h */,
				83623B7A1A225F0100857720 /* _Form.m */,
				83623B7B1A225F0100857720 /* Form.h */,
				83623B7C1A225F0100857720 /* Form.m */,
				834327741A2138930051F525 /* _Project.h */,
				834327751A2138930051F525 /* _Project.m */,
				834327781A2138930051F525 /* Project.h */,
				834327791A2138930051F525 /* Project.m */,
				834327761A2138930051F525 /* FieldsModel.xcdatamodeld */,
				837551951A25EE190089CC41 /* FieldType.h */,
				837551961A25EE190089CC41 /* FieldType.m */,
				837551981A25F02C0089CC41 /* FieldTypesProvider.h */,
				837551991A25F02C0089CC41 /* FieldTypesProvider.m */,
			);
			path = Models;
			sourceTree = "<group>";
		};
		8343277A1A2138930051F525 /* Resources */ = {
			isa = PBXGroup;
			children = (
				837FDE941A23AC7A00D2EE0B /* FieldsRepo_future.plist */,
				837FE41F1A2561010011233E /* FieldsRepo.plist */,
			);
			path = Resources;
			sourceTree = "<group>";
		};
		8343277B1A2138930051F525 /* Services */ = {
			isa = PBXGroup;
			children = (
				8343277C1A2138930051F525 /* MBCoreDataStack.h */,
				8343277D1A2138930051F525 /* MBCoreDataStack.m */,
			);
			path = Services;
			sourceTree = "<group>";
		};
		8343277E1A2138930051F525 /* ViewControllers */ = {
			isa = PBXGroup;
			children = (
				8343277F1A2138930051F525 /* Base */,
				8343278C1A2138930051F525 /* ProjectsViewController.h */,
				8343278D1A2138930051F525 /* ProjectsViewController.m */,
				83A2A9901A27538A00E1E324 /* ProjectsMasterViewController.h */,
				83A2A9911A27538A00E1E324 /* ProjectsMasterViewController.m */,
				8343278A1A2138930051F525 /* ProjectDetailViewController.h */,
				8343278B1A2138930051F525 /* ProjectDetailViewController.m */,
				834327881A2138930051F525 /* FormsViewController.h */,
				834327891A2138930051F525 /* FormsViewController.m */,
				834327861A2138930051F525 /* FormDesignerViewController.h */,
				834327871A2138930051F525 /* FormDesignerViewController.m */,
				8375519B1A25F4840089CC41 /* FieldTypesListController.h */,
				8375519C1A25F4840089CC41 /* FieldTypesListController.m */,
				8375519E1A2628A50089CC41 /* FormCanvasManager.h */,
				8375519F1A2628A50089CC41 /* FormCanvasManager.m */,
				83FD2DA11A28293500BB42CB /* FormCaptureViewController.h */,
				83FD2DA21A28293500BB42CB /* FormCaptureViewController.m */,
			);
			path = ViewControllers;
			sourceTree = "<group>";
		};
		8343277F1A2138930051F525 /* Base */ = {
			isa = PBXGroup;
			children = (
				836811EF1A24A15F00341B6D /* MBCBaseOptionsChooser.h */,
				836811F01A24A15F00341B6D /* MBCBaseOptionsChooser.m */,
				834327801A2138930051F525 /* MBCModalVCAnimator.h */,
				834327811A2138930051F525 /* MBCModalVCAnimator.m */,
				834327841A2138930051F525 /* MBCoreDataFetchControllerHelper.h */,
				834327851A2138930051F525 /* MBCoreDataFetchControllerHelper.m */,
				83A2A98D1A27509600E1E324 /* MBCoreDataTableViewController.h */,
				83A2A98E1A27509600E1E324 /* MBCoreDataTableViewController.m */,
				834327821A2138930051F525 /* MBCoreDataCollectionViewController.h */,
				834327831A2138930051F525 /* MBCoreDataCollectionViewController.m */,
			);
			path = Base;
			sourceTree = "<group>";
		};
		8343279F1A2138C50051F525 /* Views */ = {
			isa = PBXGroup;
			children = (
				834327A21A2138C50051F525 /* Main.storyboard */,
				837FDE8C1A23516100D2EE0B /* FormPropsTabView.xib */,
				837551C51A26A3430089CC41 /* FieldPropsTabView.xib */,
				834327A41A2138C50051F525 /* FormCell.xib */,
				834327A01A2138C50051F525 /* LaunchScreen.xib */,
				837FDE8E1A2354B400D2EE0B /* FormPropsTabView.h */,
				837FDE8F1A2354B400D2EE0B /* FormPropsTabView.m */,
				837551C71A26A3A20089CC41 /* FieldPropsTabView.h */,
				837551C81A26A3A20089CC41 /* FieldPropsTabView.m */,
				834327A51A2138C50051F525 /* FormCell.h */,
				834327A61A2138C50051F525 /* FormCell.m */,
				83A2A9931A27597F00E1E324 /* ProjectTCell.h */,
				83A2A9941A27597F00E1E324 /* ProjectTCell.m */,
				837551921A25ECA00089CC41 /* FieldTypeCell.h */,
				837551931A25ECA10089CC41 /* FieldTypeCell.m */,
				837551CA1A26A7E20089CC41 /* BaseFieldCell.h */,
				837551CB1A26A7E20089CC41 /* BaseFieldCell.m */,
				837551BF1A269E030089CC41 /* TextFieldCell.h */,
				837551C01A269E030089CC41 /* TextFieldCell.m */,
				837551C21A269E210089CC41 /* ImageFieldCell.h */,
				837551C31A269E210089CC41 /* ImageFieldCell.m */,
			);
			path = Views;
			sourceTree = "<group>";
		};
		834327AC1A21394F0051F525 /* Supporting Files */ = {
			isa = PBXGroup;
			children = (
				834327AD1A21394F0051F525 /* Info.plist */,
				834327AE1A21394F0051F525 /* main.m */,
			);
			path = "Supporting Files";
			sourceTree = "<group>";
		};
		83C742251A2160AC00F189F2 /* Utils */ = {
			isa = PBXGroup;
			children = (
				837551A71A263CEB0089CC41 /* DictionaryToDataTransformer.h */,
				837551A81A263CEB0089CC41 /* DictionaryToDataTransformer.m */,
				837551A91A263CEB0089CC41 /* ImageToDataTransformer.h */,
				837551AA1A263CEB0089CC41 /* ImageToDataTransformer.m */,
				83C742261A2160AC00F189F2 /* MBCheck.h */,
				83C742271A2160AC00F189F2 /* MBCheck.m */,
				83C742291A21610C00F189F2 /* NSString+MBExtensions.h */,
				83C7422A1A21610C00F189F2 /* NSString+MBExtensions.m */,
				83DAA45A1A27F22A0095EBF9 /* UIColor+Fields.h */,
				83DAA45B1A27F22A0095EBF9 /* UIColor+Fields.m */,
				83FD2D9E1A281F8000BB42CB /* UIButton+Block.h */,
				83FD2D9F1A281F8000BB42CB /* UIButton+Block.m */,
			);
			path = Utils;
			sourceTree = "<group>";
		};
		D77E571D587ECE85355E0F2A /* Pods */ = {
			isa = PBXGroup;
			children = (
				B6D6B29054DCBEC82017844B /* Pods-Fields.debug.xcconfig */,
				582B384B7E96EE42CC322516 /* Pods-Fields.release.xcconfig */,
				735451AE4814D256E83FC1BF /* Pods-FieldsTests.debug.xcconfig */,
				C66CC624971DF55DF96F8F06 /* Pods-FieldsTests.release.xcconfig */,
			);
			name = Pods;
			sourceTree = "<group>";
		};
		FE1D744CECA407B986A2417C /* Frameworks */ = {
			isa = PBXGroup;
			children = (
				09C2EA33E876B61FAF8E784E /* libPods-Fields.a */,
				1D2F3CF78F86B750C928D2E9 /* libPods-FieldsTests.a */,
			);
			name = Frameworks;
			sourceTree = "<group>";
		};
/* End PBXGroup section */

/* Begin PBXNativeTarget section */
		8343273D1A2138370051F525 /* Fields */ = {
			isa = PBXNativeTarget;
			buildConfigurationList = 834327611A2138370051F525 /* Build configuration list for PBXNativeTarget "Fields" */;
			buildPhases = (
				ECEBF1B5E7CE014DCFB2B995 /* Check Pods Manifest.lock */,
				8343273A1A2138370051F525 /* Sources */,
				8343273B1A2138370051F525 /* Frameworks */,
				8343273C1A2138370051F525 /* Resources */,
				6276CF8515CA6FA5B9DCEE7C /* Copy Pods Resources */,
			);
			buildRules = (
			);
			dependencies = (
			);
			name = Fields;
			productName = Fields;
			productReference = 8343273E1A2138370051F525 /* Fields.app */;
			productType = "com.apple.product-type.application";
		};
		834327561A2138370051F525 /* FieldsTests */ = {
			isa = PBXNativeTarget;
			buildConfigurationList = 834327641A2138370051F525 /* Build configuration list for PBXNativeTarget "FieldsTests" */;
			buildPhases = (
				FC1011927F28D87D4A54A1E3 /* Check Pods Manifest.lock */,
				834327531A2138370051F525 /* Sources */,
				834327541A2138370051F525 /* Frameworks */,
				834327551A2138370051F525 /* Resources */,
				4D89A5B369414CAAF3D01622 /* Copy Pods Resources */,
			);
			buildRules = (
			);
			dependencies = (
				834327591A2138370051F525 /* PBXTargetDependency */,
			);
			name = FieldsTests;
			productName = FieldsTests;
			productReference = 834327571A2138370051F525 /* FieldsTests.xctest */;
			productType = "com.apple.product-type.bundle.unit-test";
		};
/* End PBXNativeTarget section */

/* Begin PBXProject section */
		834327361A2138370051F525 /* Project object */ = {
			isa = PBXProject;
			attributes = {
				LastUpgradeCheck = 0610;
				ORGANIZATIONNAME = mariabernis;
				TargetAttributes = {
					8343273D1A2138370051F525 = {
						CreatedOnToolsVersion = 6.1;
						DevelopmentTeam = 393JTM9U95;
					};
					834327561A2138370051F525 = {
						CreatedOnToolsVersion = 6.1;
						TestTargetID = 8343273D1A2138370051F525;
					};
					83623B741A22593700857720 = {
						CreatedOnToolsVersion = 6.1;
					};
				};
			};
			buildConfigurationList = 834327391A2138370051F525 /* Build configuration list for PBXProject "Fields" */;
			compatibilityVersion = "Xcode 3.2";
			developmentRegion = English;
			hasScannedForEncodings = 0;
			knownRegions = (
				en,
				Base,
			);
			mainGroup = 834327351A2138370051F525;
			productRefGroup = 8343273F1A2138370051F525 /* Products */;
			projectDirPath = "";
			projectRoot = "";
			targets = (
				8343273D1A2138370051F525 /* Fields */,
				834327561A2138370051F525 /* FieldsTests */,
				83623B741A22593700857720 /* Mogenerator */,
			);
		};
/* End PBXProject section */

/* Begin PBXResourcesBuildPhase section */
		8343273C1A2138370051F525 /* Resources */ = {
			isa = PBXResourcesBuildPhase;
			buildActionMask = 2147483647;
			files = (
				834327A91A2138C50051F525 /* Main.storyboard in Resources */,
				834327AA1A2138C50051F525 /* FormCell.xib in Resources */,
				834327A81A2138C50051F525 /* LaunchScreen.xib in Resources */,
				834327AF1A21394F0051F525 /* Info.plist in Resources */,
				834327A71A2138C50051F525 /* Images.xcassets in Resources */,
				837FDE8D1A23516100D2EE0B /* FormPropsTabView.xib in Resources */,
				837FDE951A23AC7A00D2EE0B /* FieldsRepo_future.plist in Resources */,
				837551C61A26A3430089CC41 /* FieldPropsTabView.xib in Resources */,
				837FE4201A2561010011233E /* FieldsRepo.plist in Resources */,
			);
			runOnlyForDeploymentPostprocessing = 0;
		};
		834327551A2138370051F525 /* Resources */ = {
			isa = PBXResourcesBuildPhase;
			buildActionMask = 2147483647;
			files = (
			);
			runOnlyForDeploymentPostprocessing = 0;
		};
/* End PBXResourcesBuildPhase section */

/* Begin PBXShellScriptBuildPhase section */
		4D89A5B369414CAAF3D01622 /* Copy Pods Resources */ = {
			isa = PBXShellScriptBuildPhase;
			buildActionMask = 2147483647;
			files = (
			);
			inputPaths = (
			);
			name = "Copy Pods Resources";
			outputPaths = (
			);
			runOnlyForDeploymentPostprocessing = 0;
			shellPath = /bin/sh;
			shellScript = "\"${SRCROOT}/Pods/Target Support Files/Pods-FieldsTests/Pods-FieldsTests-resources.sh\"\n";
			showEnvVarsInLog = 0;
		};
		6276CF8515CA6FA5B9DCEE7C /* Copy Pods Resources */ = {
			isa = PBXShellScriptBuildPhase;
			buildActionMask = 2147483647;
			files = (
			);
			inputPaths = (
			);
			name = "Copy Pods Resources";
			outputPaths = (
			);
			runOnlyForDeploymentPostprocessing = 0;
			shellPath = /bin/sh;
			shellScript = "\"${SRCROOT}/Pods/Target Support Files/Pods-Fields/Pods-Fields-resources.sh\"\n";
			showEnvVarsInLog = 0;
		};
		83623B781A22593F00857720 /* ShellScript */ = {
			isa = PBXShellScriptBuildPhase;
			buildActionMask = 2147483647;
			files = (
			);
			inputPaths = (
			);
			outputPaths = (
			);
			runOnlyForDeploymentPostprocessing = 0;
			shellPath = /bin/bash;
			shellScript = "/usr/local/bin/mogenerator --v2 -O Fields/Models/  --model Fields/Models/FieldsModel.xcdatamodeld/\n\necho 🐼";
		};
		ECEBF1B5E7CE014DCFB2B995 /* Check Pods Manifest.lock */ = {
			isa = PBXShellScriptBuildPhase;
			buildActionMask = 2147483647;
			files = (
			);
			inputPaths = (
			);
			name = "Check Pods Manifest.lock";
			outputPaths = (
			);
			runOnlyForDeploymentPostprocessing = 0;
			shellPath = /bin/sh;
			shellScript = "diff \"${PODS_ROOT}/../Podfile.lock\" \"${PODS_ROOT}/Manifest.lock\" > /dev/null\nif [[ $? != 0 ]] ; then\n    cat << EOM\nerror: The sandbox is not in sync with the Podfile.lock. Run 'pod install' or update your CocoaPods installation.\nEOM\n    exit 1\nfi\n";
			showEnvVarsInLog = 0;
		};
		FC1011927F28D87D4A54A1E3 /* Check Pods Manifest.lock */ = {
			isa = PBXShellScriptBuildPhase;
			buildActionMask = 2147483647;
			files = (
			);
			inputPaths = (
			);
			name = "Check Pods Manifest.lock";
			outputPaths = (
			);
			runOnlyForDeploymentPostprocessing = 0;
			shellPath = /bin/sh;
			shellScript = "diff \"${PODS_ROOT}/../Podfile.lock\" \"${PODS_ROOT}/Manifest.lock\" > /dev/null\nif [[ $? != 0 ]] ; then\n    cat << EOM\nerror: The sandbox is not in sync with the Podfile.lock. Run 'pod install' or update your CocoaPods installation.\nEOM\n    exit 1\nfi\n";
			showEnvVarsInLog = 0;
		};
/* End PBXShellScriptBuildPhase section */

/* Begin PBXSourcesBuildPhase section */
		8343273A1A2138370051F525 /* Sources */ = {
			isa = PBXSourcesBuildPhase;
			buildActionMask = 2147483647;
			files = (
				834327991A2138930051F525 /* MBCoreDataFetchControllerHelper.m in Sources */,
				834327981A2138930051F525 /* MBCoreDataCollectionViewController.m in Sources */,
				83FD2DA01A281F8000BB42CB /* UIButton+Block.m in Sources */,
				830037AD1A221C0C00CAA5D8 /* ListProjectsInteractor.m in Sources */,
				834327921A2138930051F525 /* ReportMock.m in Sources */,
				83A2A98F1A27509600E1E324 /* MBCoreDataTableViewController.m in Sources */,
				8343278E1A2138930051F525 /* ProjectInteractor.m in Sources */,
				8375519D1A25F4840089CC41 /* FieldTypesListController.m in Sources */,
				8343279D1A2138930051F525 /* ProjectsViewController.m in Sources */,
				837551B61A263F3F0089CC41 /* _TextField.m in Sources */,
				837551971A25EE190089CC41 /* FieldType.m in Sources */,
				83623B731A22588500857720 /* ListFormsInteractor.m in Sources */,
				834327971A2138930051F525 /* MBCModalVCAnimator.m in Sources */,
				837551941A25ECA10089CC41 /* FieldTypeCell.m in Sources */,
				837551C41A269E210089CC41 /* ImageFieldCell.m in Sources */,
				8343279A1A2138930051F525 /* FormDesignerViewController.m in Sources */,
				837551AC1A263CEB0089CC41 /* ImageToDataTransformer.m in Sources */,
				836811F11A24A15F00341B6D /* MBCBaseOptionsChooser.m in Sources */,
				837551C11A269E030089CC41 /* TextFieldCell.m in Sources */,
				8343279B1A2138930051F525 /* FormsViewController.m in Sources */,
				83C742281A2160AC00F189F2 /* MBCheck.m in Sources */,
				837FDE901A2354B400D2EE0B /* FormPropsTabView.m in Sources */,
				834327B01A21394F0051F525 /* main.m in Sources */,
				83DAA45C1A27F22A0095EBF9 /* UIColor+Fields.m in Sources */,
				83C7422B1A21610C00F189F2 /* NSString+MBExtensions.m in Sources */,
				83623B7E1A225F0100857720 /* Form.m in Sources */,
				837551B71A263F3F0089CC41 /* ImageField.m in Sources */,
				837551A01A2628A50089CC41 /* FormCanvasManager.m in Sources */,
				83A2A9951A27597F00E1E324 /* ProjectTCell.m in Sources */,
				837551CC1A26A7E20089CC41 /* BaseFieldCell.m in Sources */,
				834327901A2138930051F525 /* MocksProvider.m in Sources */,
				8375519A1A25F02C0089CC41 /* FieldTypesProvider.m in Sources */,
				837551A61A2639EF0089CC41 /* FormField.m in Sources */,
				8343279C1A2138930051F525 /* ProjectDetailViewController.m in Sources */,
				83623B7D1A225F0100857720 /* _Form.m in Sources */,
				83FD2DA31A28293500BB42CB /* FormCaptureViewController.m in Sources */,
				834327961A2138930051F525 /* MBCoreDataStack.m in Sources */,
				834327951A2138930051F525 /* Project.m in Sources */,
				83C742241A21470D00F189F2 /* BaseInteractor.m in Sources */,
				834327AB1A2138C50051F525 /* FormCell.m in Sources */,
				837FDE931A237B5800D2EE0B /* FormInteractor.m in Sources */,
				837551C91A26A3A20089CC41 /* FieldPropsTabView.m in Sources */,
				834327931A2138930051F525 /* _Project.m in Sources */,
				837551A51A2639EF0089CC41 /* _FormField.m in Sources */,
				837551B51A263F3F0089CC41 /* _ImageField.m in Sources */,
				837551BB1A2641770089CC41 /* FormFieldInteractor.m in Sources */,
				834327941A2138930051F525 /* FieldsModel.xcdatamodeld in Sources */,
				837551B81A263F3F0089CC41 /* TextField.m in Sources */,
				83A2A9921A27538A00E1E324 /* ProjectsMasterViewController.m in Sources */,
				837551AB1A263CEB0089CC41 /* DictionaryToDataTransformer.m in Sources */,
				837551BE1A264A5D0089CC41 /* FormCanvasInteractor.m in Sources */,
				834327471A2138370051F525 /* AppDelegate.m in Sources */,
				8343278F1A2138930051F525 /* FormMock.m in Sources */,
				834327911A2138930051F525 /* ProjectMock.m in Sources */,
			);
			runOnlyForDeploymentPostprocessing = 0;
		};
		834327531A2138370051F525 /* Sources */ = {
			isa = PBXSourcesBuildPhase;
			buildActionMask = 2147483647;
			files = (
				835A00E91A21F27F003BDFE4 /* ProjectInteractorTests.m in Sources */,
				834327B21A21398A0051F525 /* ProjectTests.m in Sources */,
				83623B801A22771D00857720 /* FormInteractorTests.m in Sources */,
				830037AF1A221EA800CAA5D8 /* ListProjectsTests.m in Sources */,
			);
			runOnlyForDeploymentPostprocessing = 0;
		};
/* End PBXSourcesBuildPhase section */

/* Begin PBXTargetDependency section */
		834327591A2138370051F525 /* PBXTargetDependency */ = {
			isa = PBXTargetDependency;
			target = 8343273D1A2138370051F525 /* Fields */;
			targetProxy = 834327581A2138370051F525 /* PBXContainerItemProxy */;
		};
/* End PBXTargetDependency section */

/* Begin PBXVariantGroup section */
		834327A01A2138C50051F525 /* LaunchScreen.xib */ = {
			isa = PBXVariantGroup;
			children = (
				834327A11A2138C50051F525 /* Base */,
			);
			name = LaunchScreen.xib;
			sourceTree = "<group>";
		};
		834327A21A2138C50051F525 /* Main.storyboard */ = {
			isa = PBXVariantGroup;
			children = (
				834327A31A2138C50051F525 /* Base */,
			);
			name = Main.storyboard;
			sourceTree = "<group>";
		};
/* End PBXVariantGroup section */

/* Begin XCBuildConfiguration section */
		8343275F1A2138370051F525 /* Debug */ = {
			isa = XCBuildConfiguration;
			buildSettings = {
				ALWAYS_SEARCH_USER_PATHS = NO;
				CLANG_CXX_LANGUAGE_STANDARD = "gnu++0x";
				CLANG_CXX_LIBRARY = "libc++";
				CLANG_ENABLE_MODULES = YES;
				CLANG_ENABLE_OBJC_ARC = YES;
				CLANG_WARN_BOOL_CONVERSION = YES;
				CLANG_WARN_CONSTANT_CONVERSION = YES;
				CLANG_WARN_DIRECT_OBJC_ISA_USAGE = YES_ERROR;
				CLANG_WARN_EMPTY_BODY = YES;
				CLANG_WARN_ENUM_CONVERSION = YES;
				CLANG_WARN_INT_CONVERSION = YES;
				CLANG_WARN_OBJC_ROOT_CLASS = YES_ERROR;
				CLANG_WARN_UNREACHABLE_CODE = YES;
				CLANG_WARN__DUPLICATE_METHOD_MATCH = YES;
				"CODE_SIGN_IDENTITY[sdk=iphoneos*]" = "iPhone Developer";
				COPY_PHASE_STRIP = NO;
				ENABLE_STRICT_OBJC_MSGSEND = YES;
				GCC_C_LANGUAGE_STANDARD = gnu99;
				GCC_DYNAMIC_NO_PIC = NO;
				GCC_OPTIMIZATION_LEVEL = 0;
				GCC_PREPROCESSOR_DEFINITIONS = (
					"DEBUG=1",
					"$(inherited)",
				);
				GCC_SYMBOLS_PRIVATE_EXTERN = NO;
				GCC_WARN_64_TO_32_BIT_CONVERSION = YES;
				GCC_WARN_ABOUT_RETURN_TYPE = YES_ERROR;
				GCC_WARN_UNDECLARED_SELECTOR = YES;
				GCC_WARN_UNINITIALIZED_AUTOS = YES_AGGRESSIVE;
				GCC_WARN_UNUSED_FUNCTION = YES;
				GCC_WARN_UNUSED_VARIABLE = YES;
				IPHONEOS_DEPLOYMENT_TARGET = 8.0;
				MTL_ENABLE_DEBUG_INFO = YES;
				ONLY_ACTIVE_ARCH = YES;
				SDKROOT = iphoneos;
				TARGETED_DEVICE_FAMILY = 2;
			};
			name = Debug;
		};
		834327601A2138370051F525 /* Release */ = {
			isa = XCBuildConfiguration;
			buildSettings = {
				ALWAYS_SEARCH_USER_PATHS = NO;
				CLANG_CXX_LANGUAGE_STANDARD = "gnu++0x";
				CLANG_CXX_LIBRARY = "libc++";
				CLANG_ENABLE_MODULES = YES;
				CLANG_ENABLE_OBJC_ARC = YES;
				CLANG_WARN_BOOL_CONVERSION = YES;
				CLANG_WARN_CONSTANT_CONVERSION = YES;
				CLANG_WARN_DIRECT_OBJC_ISA_USAGE = YES_ERROR;
				CLANG_WARN_EMPTY_BODY = YES;
				CLANG_WARN_ENUM_CONVERSION = YES;
				CLANG_WARN_INT_CONVERSION = YES;
				CLANG_WARN_OBJC_ROOT_CLASS = YES_ERROR;
				CLANG_WARN_UNREACHABLE_CODE = YES;
				CLANG_WARN__DUPLICATE_METHOD_MATCH = YES;
				CODE_SIGN_IDENTITY = "iPhone Distribution: Maria Bernis (393JTM9U95)";
				"CODE_SIGN_IDENTITY[sdk=iphoneos*]" = "iPhone Distribution: Maria Bernis (393JTM9U95)";
				COPY_PHASE_STRIP = YES;
				ENABLE_NS_ASSERTIONS = NO;
				ENABLE_STRICT_OBJC_MSGSEND = YES;
				GCC_C_LANGUAGE_STANDARD = gnu99;
				GCC_WARN_64_TO_32_BIT_CONVERSION = YES;
				GCC_WARN_ABOUT_RETURN_TYPE = YES_ERROR;
				GCC_WARN_UNDECLARED_SELECTOR = YES;
				GCC_WARN_UNINITIALIZED_AUTOS = YES_AGGRESSIVE;
				GCC_WARN_UNUSED_FUNCTION = YES;
				GCC_WARN_UNUSED_VARIABLE = YES;
				IPHONEOS_DEPLOYMENT_TARGET = 8.0;
				MTL_ENABLE_DEBUG_INFO = NO;
				SDKROOT = iphoneos;
				TARGETED_DEVICE_FAMILY = 2;
				VALIDATE_PRODUCT = YES;
			};
			name = Release;
		};
		834327621A2138370051F525 /* Debug */ = {
			isa = XCBuildConfiguration;
			baseConfigurationReference = B6D6B29054DCBEC82017844B /* Pods-Fields.debug.xcconfig */;
			buildSettings = {
				ASSETCATALOG_COMPILER_APPICON_NAME = AppIcon;
				CODE_SIGN_IDENTITY = "iPhone Developer";
				INFOPLIST_FILE = "Fields/Supporting Files/Info.plist";
				LD_RUNPATH_SEARCH_PATHS = "$(inherited) @executable_path/Frameworks";
				PRODUCT_NAME = "$(TARGET_NAME)";
			};
			name = Debug;
		};
		834327631A2138370051F525 /* Release */ = {
			isa = XCBuildConfiguration;
			baseConfigurationReference = 582B384B7E96EE42CC322516 /* Pods-Fields.release.xcconfig */;
			buildSettings = {
				ASSETCATALOG_COMPILER_APPICON_NAME = AppIcon;
				CODE_SIGN_IDENTITY = "iPhone Developer";
				"CODE_SIGN_IDENTITY[sdk=iphoneos*]" = "iPhone Distribution: Maria Bernis (393JTM9U95)";
				INFOPLIST_FILE = "Fields/Supporting Files/Info.plist";
				LD_RUNPATH_SEARCH_PATHS = "$(inherited) @executable_path/Frameworks";
				PRODUCT_NAME = "$(TARGET_NAME)";
			};
			name = Release;
		};
		834327651A2138370051F525 /* Debug */ = {
			isa = XCBuildConfiguration;
			baseConfigurationReference = 735451AE4814D256E83FC1BF /* Pods-FieldsTests.debug.xcconfig */;
			buildSettings = {
				BUNDLE_LOADER = "$(TEST_HOST)";
				FRAMEWORK_SEARCH_PATHS = (
					"$(SDKROOT)/Developer/Library/Frameworks",
					"$(inherited)",
				);
				GCC_PREPROCESSOR_DEFINITIONS = (
					"DEBUG=1",
					"$(inherited)",
				);
				INFOPLIST_FILE = FieldsTests/Info.plist;
				LD_RUNPATH_SEARCH_PATHS = "$(inherited) @executable_path/Frameworks @loader_path/Frameworks";
				PRODUCT_NAME = "$(TARGET_NAME)";
				TEST_HOST = "$(BUILT_PRODUCTS_DIR)/Fields.app/Fields";
			};
			name = Debug;
		};
		834327661A2138370051F525 /* Release */ = {
			isa = XCBuildConfiguration;
			baseConfigurationReference = C66CC624971DF55DF96F8F06 /* Pods-FieldsTests.release.xcconfig */;
			buildSettings = {
				BUNDLE_LOADER = "$(TEST_HOST)";
				FRAMEWORK_SEARCH_PATHS = (
					"$(SDKROOT)/Developer/Library/Frameworks",
					"$(inherited)",
				);
				INFOPLIST_FILE = FieldsTests/Info.plist;
				LD_RUNPATH_SEARCH_PATHS = "$(inherited) @executable_path/Frameworks @loader_path/Frameworks";
				PRODUCT_NAME = "$(TARGET_NAME)";
				TEST_HOST = "$(BUILT_PRODUCTS_DIR)/Fields.app/Fields";
			};
			name = Release;
		};
		83623B761A22593700857720 /* Debug */ = {
			isa = XCBuildConfiguration;
			buildSettings = {
				PRODUCT_NAME = "$(TARGET_NAME)";
			};
			name = Debug;
		};
		83623B771A22593700857720 /* Release */ = {
			isa = XCBuildConfiguration;
			buildSettings = {
				PRODUCT_NAME = "$(TARGET_NAME)";
			};
			name = Release;
		};
/* End XCBuildConfiguration section */

/* Begin XCConfigurationList section */
		834327391A2138370051F525 /* Build configuration list for PBXProject "Fields" */ = {
			isa = XCConfigurationList;
			buildConfigurations = (
				8343275F1A2138370051F525 /* Debug */,
				834327601A2138370051F525 /* Release */,
			);
			defaultConfigurationIsVisible = 0;
			defaultConfigurationName = Release;
		};
		834327611A2138370051F525 /* Build configuration list for PBXNativeTarget "Fields" */ = {
			isa = XCConfigurationList;
			buildConfigurations = (
				834327621A2138370051F525 /* Debug */,
				834327631A2138370051F525 /* Release */,
			);
			defaultConfigurationIsVisible = 0;
			defaultConfigurationName = Release;
		};
		834327641A2138370051F525 /* Build configuration list for PBXNativeTarget "FieldsTests" */ = {
			isa = XCConfigurationList;
			buildConfigurations = (
				834327651A2138370051F525 /* Debug */,
				834327661A2138370051F525 /* Release */,
			);
			defaultConfigurationIsVisible = 0;
			defaultConfigurationName = Release;
		};
		83623B751A22593700857720 /* Build configuration list for PBXAggregateTarget "Mogenerator" */ = {
			isa = XCConfigurationList;
			buildConfigurations = (
				83623B761A22593700857720 /* Debug */,
				83623B771A22593700857720 /* Release */,
			);
			defaultConfigurationIsVisible = 0;
			defaultConfigurationName = Release;
		};
/* End XCConfigurationList section */

/* Begin XCVersionGroup section */
		834327761A2138930051F525 /* FieldsModel.xcdatamodeld */ = {
			isa = XCVersionGroup;
			children = (
				834327771A2138930051F525 /* FieldsModel.xcdatamodel */,
			);
			currentVersion = 834327771A2138930051F525 /* FieldsModel.xcdatamodel */;
			path = FieldsModel.xcdatamodeld;
			sourceTree = "<group>";
			versionGroupType = wrapper.xcdatamodel;
		};
/* End XCVersionGroup section */
	};
	rootObject = 834327361A2138370051F525 /* Project object */;
}
