// !$*UTF8*$!
{
	archiveVersion = 1;
	classes = {
	};
	objectVersion = 46;
	objects = {

/* Begin PBXAggregateTarget section */
		8378CF5E1A1E486100EB47F8 /* Mogenerator */ = {
			isa = PBXAggregateTarget;
			buildConfigurationList = 8378CF5F1A1E486100EB47F8 /* Build configuration list for PBXAggregateTarget "Mogenerator" */;
			buildPhases = (
				8378CF621A1E486600EB47F8 /* ShellScript */,
			);
			dependencies = (
			);
			name = Mogenerator;
			productName = Mogenerator;
		};
/* End PBXAggregateTarget section */

/* Begin PBXBuildFile section */
		2838BBFAAB594B0B71638185 /* libPods.a in Frameworks */ = {isa = PBXBuildFile; fileRef = E2AAA0B18F5246EB9D8B4D3C /* libPods.a */; };
		833E59DA1A1CEE4400CB03EE /* main.m in Sources */ = {isa = PBXBuildFile; fileRef = 833E59D91A1CEE4400CB03EE /* main.m */; };
		833E59DD1A1CEE4400CB03EE /* AppDelegate.m in Sources */ = {isa = PBXBuildFile; fileRef = 833E59DC1A1CEE4400CB03EE /* AppDelegate.m */; };
		833E59E31A1CEE4400CB03EE /* Main.storyboard in Resources */ = {isa = PBXBuildFile; fileRef = 833E59E11A1CEE4400CB03EE /* Main.storyboard */; };
		833E59E51A1CEE4400CB03EE /* Images.xcassets in Resources */ = {isa = PBXBuildFile; fileRef = 833E59E41A1CEE4400CB03EE /* Images.xcassets */; };
		833E59E81A1CEE4400CB03EE /* LaunchScreen.xib in Resources */ = {isa = PBXBuildFile; fileRef = 833E59E61A1CEE4400CB03EE /* LaunchScreen.xib */; };
		833E5A011A1D072300CB03EE /* ProjectsViewController.m in Sources */ = {isa = PBXBuildFile; fileRef = 833E5A001A1D072300CB03EE /* ProjectsViewController.m */; };
		833E5A061A1D096300CB03EE /* ProjectMock.m in Sources */ = {isa = PBXBuildFile; fileRef = 833E5A051A1D096300CB03EE /* ProjectMock.m */; };
		833E5A091A1D097800CB03EE /* FormMock.m in Sources */ = {isa = PBXBuildFile; fileRef = 833E5A081A1D097800CB03EE /* FormMock.m */; };
		833E5A0C1A1D0C6A00CB03EE /* ReportMock.m in Sources */ = {isa = PBXBuildFile; fileRef = 833E5A0B1A1D0C6A00CB03EE /* ReportMock.m */; };
		833E5A0F1A1D0E5B00CB03EE /* MocksProvider.m in Sources */ = {isa = PBXBuildFile; fileRef = 833E5A0E1A1D0E5B00CB03EE /* MocksProvider.m */; };
		833E5A121A1D1D1400CB03EE /* ProjectCell.m in Sources */ = {isa = PBXBuildFile; fileRef = 833E5A111A1D1D1400CB03EE /* ProjectCell.m */; };
		8352AB721A1E9E7300284687 /* MBCoreDataFetchControllerHelper.m in Sources */ = {isa = PBXBuildFile; fileRef = 8352AB711A1E9E7300284687 /* MBCoreDataFetchControllerHelper.m */; };
		8352AB761A1EA92400284687 /* MBCoreDataCollectionViewController.m in Sources */ = {isa = PBXBuildFile; fileRef = 8352AB751A1EA92400284687 /* MBCoreDataCollectionViewController.m */; };
		8378CF531A1E2A4700EB47F8 /* ProjectTests.m in Sources */ = {isa = PBXBuildFile; fileRef = 8378CF521A1E2A4700EB47F8 /* ProjectTests.m */; };
		8378CF581A1E3CA300EB47F8 /* MBCoreDataStack.m in Sources */ = {isa = PBXBuildFile; fileRef = 8378CF571A1E3CA300EB47F8 /* MBCoreDataStack.m */; };
		8378CF671A1E4A8F00EB47F8 /* _Project.m in Sources */ = {isa = PBXBuildFile; fileRef = 8378CF641A1E4A8F00EB47F8 /* _Project.m */; };
		8378CF681A1E4A8F00EB47F8 /* Project.m in Sources */ = {isa = PBXBuildFile; fileRef = 8378CF661A1E4A8F00EB47F8 /* Project.m */; };
		837CE1961A1F8D460093AF4C /* FieldsModel.xcdatamodeld in Sources */ = {isa = PBXBuildFile; fileRef = 837CE1941A1F8D460093AF4C /* FieldsModel.xcdatamodeld */; };
		837CE1991A1FA0610093AF4C /* MBCModalVCAnimator.m in Sources */ = {isa = PBXBuildFile; fileRef = 837CE1981A1FA0610093AF4C /* MBCModalVCAnimator.m */; };
		837CE19C1A1FA0DE0093AF4C /* ProjectAddNewViewController.m in Sources */ = {isa = PBXBuildFile; fileRef = 837CE19B1A1FA0DE0093AF4C /* ProjectAddNewViewController.m */; };
		83AC7E701A20ADCA00FD291E /* FormsViewController.m in Sources */ = {isa = PBXBuildFile; fileRef = 83AC7E6F1A20ADCA00FD291E /* FormsViewController.m */; };
		83AC7E721A20BA4C00FD291E /* FormCell.xib in Resources */ = {isa = PBXBuildFile; fileRef = 83AC7E711A20BA4C00FD291E /* FormCell.xib */; };
/* End PBXBuildFile section */

/* Begin PBXContainerItemProxy section */
		833E59EE1A1CEE4400CB03EE /* PBXContainerItemProxy */ = {
			isa = PBXContainerItemProxy;
			containerPortal = 833E59CC1A1CEE4400CB03EE /* Project object */;
			proxyType = 1;
			remoteGlobalIDString = 833E59D31A1CEE4400CB03EE;
			remoteInfo = Fields;
		};
/* End PBXContainerItemProxy section */

/* Begin PBXFileReference section */
		81FE7BF3637D1196F5729A26 /* Pods.release.xcconfig */ = {isa = PBXFileReference; includeInIndex = 1; lastKnownFileType = text.xcconfig; name = Pods.release.xcconfig; path = "Pods/Target Support Files/Pods/Pods.release.xcconfig"; sourceTree = "<group>"; };
		833E59D41A1CEE4400CB03EE /* Fields.app */ = {isa = PBXFileReference; explicitFileType = wrapper.application; includeInIndex = 0; path = Fields.app; sourceTree = BUILT_PRODUCTS_DIR; };
		833E59D81A1CEE4400CB03EE /* Info.plist */ = {isa = PBXFileReference; lastKnownFileType = text.plist.xml; path = Info.plist; sourceTree = "<group>"; };
		833E59D91A1CEE4400CB03EE /* main.m */ = {isa = PBXFileReference; lastKnownFileType = sourcecode.c.objc; path = main.m; sourceTree = "<group>"; };
		833E59DB1A1CEE4400CB03EE /* AppDelegate.h */ = {isa = PBXFileReference; lastKnownFileType = sourcecode.c.h; path = AppDelegate.h; sourceTree = "<group>"; };
		833E59DC1A1CEE4400CB03EE /* AppDelegate.m */ = {isa = PBXFileReference; lastKnownFileType = sourcecode.c.objc; path = AppDelegate.m; sourceTree = "<group>"; };
		833E59E21A1CEE4400CB03EE /* Base */ = {isa = PBXFileReference; lastKnownFileType = file.storyboard; name = Base; path = Base.lproj/Main.storyboard; sourceTree = "<group>"; };
		833E59E41A1CEE4400CB03EE /* Images.xcassets */ = {isa = PBXFileReference; lastKnownFileType = folder.assetcatalog; path = Images.xcassets; sourceTree = "<group>"; };
		833E59E71A1CEE4400CB03EE /* Base */ = {isa = PBXFileReference; lastKnownFileType = file.xib; name = Base; path = Base.lproj/LaunchScreen.xib; sourceTree = "<group>"; };
		833E59ED1A1CEE4400CB03EE /* FieldsTests.xctest */ = {isa = PBXFileReference; explicitFileType = wrapper.cfbundle; includeInIndex = 0; path = FieldsTests.xctest; sourceTree = BUILT_PRODUCTS_DIR; };
		833E59F21A1CEE4400CB03EE /* Info.plist */ = {isa = PBXFileReference; lastKnownFileType = text.plist.xml; path = Info.plist; sourceTree = "<group>"; };
		833E59FF1A1D072300CB03EE /* ProjectsViewController.h */ = {isa = PBXFileReference; fileEncoding = 4; lastKnownFileType = sourcecode.c.h; path = ProjectsViewController.h; sourceTree = "<group>"; };
		833E5A001A1D072300CB03EE /* ProjectsViewController.m */ = {isa = PBXFileReference; fileEncoding = 4; lastKnownFileType = sourcecode.c.objc; path = ProjectsViewController.m; sourceTree = "<group>"; };
		833E5A041A1D096300CB03EE /* ProjectMock.h */ = {isa = PBXFileReference; fileEncoding = 4; lastKnownFileType = sourcecode.c.h; path = ProjectMock.h; sourceTree = "<group>"; };
		833E5A051A1D096300CB03EE /* ProjectMock.m */ = {isa = PBXFileReference; fileEncoding = 4; lastKnownFileType = sourcecode.c.objc; path = ProjectMock.m; sourceTree = "<group>"; };
		833E5A071A1D097800CB03EE /* FormMock.h */ = {isa = PBXFileReference; fileEncoding = 4; lastKnownFileType = sourcecode.c.h; path = FormMock.h; sourceTree = "<group>"; };
		833E5A081A1D097800CB03EE /* FormMock.m */ = {isa = PBXFileReference; fileEncoding = 4; lastKnownFileType = sourcecode.c.objc; path = FormMock.m; sourceTree = "<group>"; };
		833E5A0A1A1D0C6A00CB03EE /* ReportMock.h */ = {isa = PBXFileReference; fileEncoding = 4; lastKnownFileType = sourcecode.c.h; path = ReportMock.h; sourceTree = "<group>"; };
		833E5A0B1A1D0C6A00CB03EE /* ReportMock.m */ = {isa = PBXFileReference; fileEncoding = 4; lastKnownFileType = sourcecode.c.objc; path = ReportMock.m; sourceTree = "<group>"; };
		833E5A0D1A1D0E5B00CB03EE /* MocksProvider.h */ = {isa = PBXFileReference; fileEncoding = 4; lastKnownFileType = sourcecode.c.h; path = MocksProvider.h; sourceTree = "<group>"; };
		833E5A0E1A1D0E5B00CB03EE /* MocksProvider.m */ = {isa = PBXFileReference; fileEncoding = 4; lastKnownFileType = sourcecode.c.objc; path = MocksProvider.m; sourceTree = "<group>"; };
		833E5A101A1D1D1400CB03EE /* ProjectCell.h */ = {isa = PBXFileReference; fileEncoding = 4; lastKnownFileType = sourcecode.c.h; path = ProjectCell.h; sourceTree = "<group>"; };
		833E5A111A1D1D1400CB03EE /* ProjectCell.m */ = {isa = PBXFileReference; fileEncoding = 4; lastKnownFileType = sourcecode.c.objc; path = ProjectCell.m; sourceTree = "<group>"; };
		8352AB701A1E9E7300284687 /* MBCoreDataFetchControllerHelper.h */ = {isa = PBXFileReference; fileEncoding = 4; lastKnownFileType = sourcecode.c.h; path = MBCoreDataFetchControllerHelper.h; sourceTree = "<group>"; };
		8352AB711A1E9E7300284687 /* MBCoreDataFetchControllerHelper.m */ = {isa = PBXFileReference; fileEncoding = 4; lastKnownFileType = sourcecode.c.objc; path = MBCoreDataFetchControllerHelper.m; sourceTree = "<group>"; };
		8352AB741A1EA92400284687 /* MBCoreDataCollectionViewController.h */ = {isa = PBXFileReference; fileEncoding = 4; lastKnownFileType = sourcecode.c.h; path = MBCoreDataCollectionViewController.h; sourceTree = "<group>"; };
		8352AB751A1EA92400284687 /* MBCoreDataCollectionViewController.m */ = {isa = PBXFileReference; fileEncoding = 4; lastKnownFileType = sourcecode.c.objc; path = MBCoreDataCollectionViewController.m; sourceTree = "<group>"; };
		8378CF521A1E2A4700EB47F8 /* ProjectTests.m */ = {isa = PBXFileReference; fileEncoding = 4; lastKnownFileType = sourcecode.c.objc; path = ProjectTests.m; sourceTree = "<group>"; };
		8378CF561A1E3CA300EB47F8 /* MBCoreDataStack.h */ = {isa = PBXFileReference; fileEncoding = 4; lastKnownFileType = sourcecode.c.h; path = MBCoreDataStack.h; sourceTree = "<group>"; };
		8378CF571A1E3CA300EB47F8 /* MBCoreDataStack.m */ = {isa = PBXFileReference; fileEncoding = 4; lastKnownFileType = sourcecode.c.objc; path = MBCoreDataStack.m; sourceTree = "<group>"; };
		8378CF631A1E4A8F00EB47F8 /* _Project.h */ = {isa = PBXFileReference; fileEncoding = 4; lastKnownFileType = sourcecode.c.h; path = _Project.h; sourceTree = "<group>"; };
		8378CF641A1E4A8F00EB47F8 /* _Project.m */ = {isa = PBXFileReference; fileEncoding = 4; lastKnownFileType = sourcecode.c.objc; path = _Project.m; sourceTree = "<group>"; };
		8378CF651A1E4A8F00EB47F8 /* Project.h */ = {isa = PBXFileReference; fileEncoding = 4; lastKnownFileType = sourcecode.c.h; path = Project.h; sourceTree = "<group>"; };
		8378CF661A1E4A8F00EB47F8 /* Project.m */ = {isa = PBXFileReference; fileEncoding = 4; lastKnownFileType = sourcecode.c.objc; path = Project.m; sourceTree = "<group>"; };
		837CE1951A1F8D460093AF4C /* FieldsModel.xcdatamodel */ = {isa = PBXFileReference; lastKnownFileType = wrapper.xcdatamodel; path = FieldsModel.xcdatamodel; sourceTree = "<group>"; };
		837CE1971A1FA0610093AF4C /* MBCModalVCAnimator.h */ = {isa = PBXFileReference; fileEncoding = 4; lastKnownFileType = sourcecode.c.h; path = MBCModalVCAnimator.h; sourceTree = "<group>"; };
		837CE1981A1FA0610093AF4C /* MBCModalVCAnimator.m */ = {isa = PBXFileReference; fileEncoding = 4; lastKnownFileType = sourcecode.c.objc; path = MBCModalVCAnimator.m; sourceTree = "<group>"; };
		837CE19A1A1FA0DE0093AF4C /* ProjectAddNewViewController.h */ = {isa = PBXFileReference; fileEncoding = 4; lastKnownFileType = sourcecode.c.h; path = ProjectAddNewViewController.h; sourceTree = "<group>"; };
		837CE19B1A1FA0DE0093AF4C /* ProjectAddNewViewController.m */ = {isa = PBXFileReference; fileEncoding = 4; lastKnownFileType = sourcecode.c.objc; path = ProjectAddNewViewController.m; sourceTree = "<group>"; };
		83AC7E6E1A20ADCA00FD291E /* FormsViewController.h */ = {isa = PBXFileReference; fileEncoding = 4; lastKnownFileType = sourcecode.c.h; path = FormsViewController.h; sourceTree = "<group>"; };
		83AC7E6F1A20ADCA00FD291E /* FormsViewController.m */ = {isa = PBXFileReference; fileEncoding = 4; lastKnownFileType = sourcecode.c.objc; path = FormsViewController.m; sourceTree = "<group>"; };
		83AC7E711A20BA4C00FD291E /* FormCell.xib */ = {isa = PBXFileReference; fileEncoding = 4; lastKnownFileType = file.xib; path = FormCell.xib; sourceTree = "<group>"; };
		D9CF3F0677FE125DE4199750 /* Pods.debug.xcconfig */ = {isa = PBXFileReference; includeInIndex = 1; lastKnownFileType = text.xcconfig; name = Pods.debug.xcconfig; path = "Pods/Target Support Files/Pods/Pods.debug.xcconfig"; sourceTree = "<group>"; };
		E2AAA0B18F5246EB9D8B4D3C /* libPods.a */ = {isa = PBXFileReference; explicitFileType = archive.ar; includeInIndex = 0; path = libPods.a; sourceTree = BUILT_PRODUCTS_DIR; };
/* End PBXFileReference section */

/* Begin PBXFrameworksBuildPhase section */
		833E59D11A1CEE4400CB03EE /* Frameworks */ = {
			isa = PBXFrameworksBuildPhase;
			buildActionMask = 2147483647;
			files = (
				2838BBFAAB594B0B71638185 /* libPods.a in Frameworks */,
			);
			runOnlyForDeploymentPostprocessing = 0;
		};
		833E59EA1A1CEE4400CB03EE /* Frameworks */ = {
			isa = PBXFrameworksBuildPhase;
			buildActionMask = 2147483647;
			files = (
			);
			runOnlyForDeploymentPostprocessing = 0;
		};
/* End PBXFrameworksBuildPhase section */

/* Begin PBXGroup section */
		08D2362B6833DB0E1608A64C /* Frameworks */ = {
			isa = PBXGroup;
			children = (
				E2AAA0B18F5246EB9D8B4D3C /* libPods.a */,
			);
			name = Frameworks;
			sourceTree = "<group>";
		};
		833E59CB1A1CEE4400CB03EE = {
			isa = PBXGroup;
			children = (
				833E59D61A1CEE4400CB03EE /* Fields */,
				833E59F01A1CEE4400CB03EE /* FieldsTests */,
				833E59D51A1CEE4400CB03EE /* Products */,
				BCFB5F062CBC1C36F791DF5B /* Pods */,
				08D2362B6833DB0E1608A64C /* Frameworks */,
			);
			sourceTree = "<group>";
		};
		833E59D51A1CEE4400CB03EE /* Products */ = {
			isa = PBXGroup;
			children = (
				833E59D41A1CEE4400CB03EE /* Fields.app */,
				833E59ED1A1CEE4400CB03EE /* FieldsTests.xctest */,
			);
			name = Products;
			sourceTree = "<group>";
		};
		833E59D61A1CEE4400CB03EE /* Fields */ = {
			isa = PBXGroup;
			children = (
				833E59DB1A1CEE4400CB03EE /* AppDelegate.h */,
				833E59DC1A1CEE4400CB03EE /* AppDelegate.m */,
				8378CF551A1E3C4D00EB47F8 /* Services */,
				8352AB6F1A1E9E7300284687 /* Providers */,
				8378CF541A1E3C4D00EB47F8 /* Models */,
				833E5A031A1D091E00CB03EE /* Mocks */,
				833E5A021A1D075200CB03EE /* ViewControllers */,
				833E59FD1A1CEE9300CB03EE /* Views */,
				833E59E41A1CEE4400CB03EE /* Images.xcassets */,
				833E59FE1A1CEEA800CB03EE /* Resources */,
				833E59D71A1CEE4400CB03EE /* Supporting Files */,
			);
			path = Fields;
			sourceTree = "<group>";
		};
		833E59D71A1CEE4400CB03EE /* Supporting Files */ = {
			isa = PBXGroup;
			children = (
				833E59D81A1CEE4400CB03EE /* Info.plist */,
				833E59D91A1CEE4400CB03EE /* main.m */,
			);
			path = "Supporting Files";
			sourceTree = "<group>";
		};
		833E59F01A1CEE4400CB03EE /* FieldsTests */ = {
			isa = PBXGroup;
			children = (
				8378CF521A1E2A4700EB47F8 /* ProjectTests.m */,
				833E59F11A1CEE4400CB03EE /* Supporting Files */,
			);
			path = FieldsTests;
			sourceTree = "<group>";
		};
		833E59F11A1CEE4400CB03EE /* Supporting Files */ = {
			isa = PBXGroup;
			children = (
				833E59F21A1CEE4400CB03EE /* Info.plist */,
			);
			path = "Supporting Files";
			sourceTree = "<group>";
		};
		833E59FD1A1CEE9300CB03EE /* Views */ = {
			isa = PBXGroup;
			children = (
				833E5A101A1D1D1400CB03EE /* ProjectCell.h */,
				833E5A111A1D1D1400CB03EE /* ProjectCell.m */,
				833E59E11A1CEE4400CB03EE /* Main.storyboard */,
				83AC7E711A20BA4C00FD291E /* FormCell.xib */,
				833E59E61A1CEE4400CB03EE /* LaunchScreen.xib */,
			);
			path = Views;
			sourceTree = "<group>";
		};
		833E59FE1A1CEEA800CB03EE /* Resources */ = {
			isa = PBXGroup;
			children = (
			);
			path = Resources;
			sourceTree = "<group>";
		};
		833E5A021A1D075200CB03EE /* ViewControllers */ = {
			isa = PBXGroup;
			children = (
				8352AB731A1EA92400284687 /* Base */,
				833E59FF1A1D072300CB03EE /* ProjectsViewController.h */,
				833E5A001A1D072300CB03EE /* ProjectsViewController.m */,
				83AC7E6E1A20ADCA00FD291E /* FormsViewController.h */,
				83AC7E6F1A20ADCA00FD291E /* FormsViewController.m */,
				837CE19A1A1FA0DE0093AF4C /* ProjectAddNewViewController.h */,
				837CE19B1A1FA0DE0093AF4C /* ProjectAddNewViewController.m */,
			);
			path = ViewControllers;
			sourceTree = "<group>";
		};
		833E5A031A1D091E00CB03EE /* Mocks */ = {
			isa = PBXGroup;
			children = (
				833E5A0D1A1D0E5B00CB03EE /* MocksProvider.h */,
				833E5A0E1A1D0E5B00CB03EE /* MocksProvider.m */,
				833E5A041A1D096300CB03EE /* ProjectMock.h */,
				833E5A051A1D096300CB03EE /* ProjectMock.m */,
				833E5A071A1D097800CB03EE /* FormMock.h */,
				833E5A081A1D097800CB03EE /* FormMock.m */,
				833E5A0A1A1D0C6A00CB03EE /* ReportMock.h */,
				833E5A0B1A1D0C6A00CB03EE /* ReportMock.m */,
			);
			path = Mocks;
			sourceTree = "<group>";
		};
		8352AB6F1A1E9E7300284687 /* Providers */ = {
			isa = PBXGroup;
			children = (
				8352AB701A1E9E7300284687 /* MBCoreDataFetchControllerHelper.h */,
				8352AB711A1E9E7300284687 /* MBCoreDataFetchControllerHelper.m */,
			);
			path = Providers;
			sourceTree = "<group>";
		};
		8352AB731A1EA92400284687 /* Base */ = {
			isa = PBXGroup;
			children = (
				837CE1971A1FA0610093AF4C /* MBCModalVCAnimator.h */,
				837CE1981A1FA0610093AF4C /* MBCModalVCAnimator.m */,
				8352AB741A1EA92400284687 /* MBCoreDataCollectionViewController.h */,
				8352AB751A1EA92400284687 /* MBCoreDataCollectionViewController.m */,
			);
			path = Base;
			sourceTree = "<group>";
		};
		8378CF541A1E3C4D00EB47F8 /* Models */ = {
			isa = PBXGroup;
			children = (
				8378CF631A1E4A8F00EB47F8 /* _Project.h */,
				8378CF641A1E4A8F00EB47F8 /* _Project.m */,
				8378CF651A1E4A8F00EB47F8 /* Project.h */,
				8378CF661A1E4A8F00EB47F8 /* Project.m */,
				837CE1941A1F8D460093AF4C /* FieldsModel.xcdatamodeld */,
			);
			path = Models;
			sourceTree = "<group>";
		};
		8378CF551A1E3C4D00EB47F8 /* Services */ = {
			isa = PBXGroup;
			children = (
				8378CF561A1E3CA300EB47F8 /* MBCoreDataStack.h */,
				8378CF571A1E3CA300EB47F8 /* MBCoreDataStack.m */,
			);
			path = Services;
			sourceTree = "<group>";
		};
		BCFB5F062CBC1C36F791DF5B /* Pods */ = {
			isa = PBXGroup;
			children = (
				D9CF3F0677FE125DE4199750 /* Pods.debug.xcconfig */,
				81FE7BF3637D1196F5729A26 /* Pods.release.xcconfig */,
			);
			name = Pods;
			sourceTree = "<group>";
		};
/* End PBXGroup section */

/* Begin PBXNativeTarget section */
		833E59D31A1CEE4400CB03EE /* Fields */ = {
			isa = PBXNativeTarget;
			buildConfigurationList = 833E59F71A1CEE4400CB03EE /* Build configuration list for PBXNativeTarget "Fields" */;
			buildPhases = (
				5131222DCF08D4E5E96D0035 /* Check Pods Manifest.lock */,
				833E59D01A1CEE4400CB03EE /* Sources */,
				833E59D11A1CEE4400CB03EE /* Frameworks */,
				833E59D21A1CEE4400CB03EE /* Resources */,
				05AFABBE321F1E7792F519BF /* Copy Pods Resources */,
			);
			buildRules = (
			);
			dependencies = (
			);
			name = Fields;
			productName = Fields;
			productReference = 833E59D41A1CEE4400CB03EE /* Fields.app */;
			productType = "com.apple.product-type.application";
		};
		833E59EC1A1CEE4400CB03EE /* FieldsTests */ = {
			isa = PBXNativeTarget;
			buildConfigurationList = 833E59FA1A1CEE4400CB03EE /* Build configuration list for PBXNativeTarget "FieldsTests" */;
			buildPhases = (
				833E59E91A1CEE4400CB03EE /* Sources */,
				833E59EA1A1CEE4400CB03EE /* Frameworks */,
				833E59EB1A1CEE4400CB03EE /* Resources */,
			);
			buildRules = (
			);
			dependencies = (
				833E59EF1A1CEE4400CB03EE /* PBXTargetDependency */,
			);
			name = FieldsTests;
			productName = FieldsTests;
			productReference = 833E59ED1A1CEE4400CB03EE /* FieldsTests.xctest */;
			productType = "com.apple.product-type.bundle.unit-test";
		};
/* End PBXNativeTarget section */

/* Begin PBXProject section */
		833E59CC1A1CEE4400CB03EE /* Project object */ = {
			isa = PBXProject;
			attributes = {
				LastUpgradeCheck = 0610;
				ORGANIZATIONNAME = mariabernis;
				TargetAttributes = {
					833E59D31A1CEE4400CB03EE = {
						CreatedOnToolsVersion = 6.1;
					};
					833E59EC1A1CEE4400CB03EE = {
						CreatedOnToolsVersion = 6.1;
						TestTargetID = 833E59D31A1CEE4400CB03EE;
					};
					8378CF5E1A1E486100EB47F8 = {
						CreatedOnToolsVersion = 6.1;
					};
				};
			};
			buildConfigurationList = 833E59CF1A1CEE4400CB03EE /* Build configuration list for PBXProject "Fields" */;
			compatibilityVersion = "Xcode 3.2";
			developmentRegion = English;
			hasScannedForEncodings = 0;
			knownRegions = (
				en,
				Base,
			);
			mainGroup = 833E59CB1A1CEE4400CB03EE;
			productRefGroup = 833E59D51A1CEE4400CB03EE /* Products */;
			projectDirPath = "";
			projectRoot = "";
			targets = (
				833E59D31A1CEE4400CB03EE /* Fields */,
				833E59EC1A1CEE4400CB03EE /* FieldsTests */,
				8378CF5E1A1E486100EB47F8 /* Mogenerator */,
			);
		};
/* End PBXProject section */

/* Begin PBXResourcesBuildPhase section */
		833E59D21A1CEE4400CB03EE /* Resources */ = {
			isa = PBXResourcesBuildPhase;
			buildActionMask = 2147483647;
			files = (
				833E59E31A1CEE4400CB03EE /* Main.storyboard in Resources */,
				83AC7E721A20BA4C00FD291E /* FormCell.xib in Resources */,
				833E59E81A1CEE4400CB03EE /* LaunchScreen.xib in Resources */,
				833E59E51A1CEE4400CB03EE /* Images.xcassets in Resources */,
			);
			runOnlyForDeploymentPostprocessing = 0;
		};
		833E59EB1A1CEE4400CB03EE /* Resources */ = {
			isa = PBXResourcesBuildPhase;
			buildActionMask = 2147483647;
			files = (
			);
			runOnlyForDeploymentPostprocessing = 0;
		};
/* End PBXResourcesBuildPhase section */

/* Begin PBXShellScriptBuildPhase section */
		05AFABBE321F1E7792F519BF /* Copy Pods Resources */ = {
			isa = PBXShellScriptBuildPhase;
			buildActionMask = 2147483647;
			files = (
			);
			inputPaths = (
			);
			name = "Copy Pods Resources";
			outputPaths = (
			);
			runOnlyForDeploymentPostprocessing = 0;
			shellPath = /bin/sh;
			shellScript = "\"${SRCROOT}/Pods/Target Support Files/Pods/Pods-resources.sh\"\n";
			showEnvVarsInLog = 0;
		};
		5131222DCF08D4E5E96D0035 /* Check Pods Manifest.lock */ = {
			isa = PBXShellScriptBuildPhase;
			buildActionMask = 2147483647;
			files = (
			);
			inputPaths = (
			);
			name = "Check Pods Manifest.lock";
			outputPaths = (
			);
			runOnlyForDeploymentPostprocessing = 0;
			shellPath = /bin/sh;
			shellScript = "diff \"${PODS_ROOT}/../Podfile.lock\" \"${PODS_ROOT}/Manifest.lock\" > /dev/null\nif [[ $? != 0 ]] ; then\n    cat << EOM\nerror: The sandbox is not in sync with the Podfile.lock. Run 'pod install' or update your CocoaPods installation.\nEOM\n    exit 1\nfi\n";
			showEnvVarsInLog = 0;
		};
		8378CF621A1E486600EB47F8 /* ShellScript */ = {
			isa = PBXShellScriptBuildPhase;
			buildActionMask = 2147483647;
			files = (
			);
			inputPaths = (
			);
			outputPaths = (
			);
			runOnlyForDeploymentPostprocessing = 0;
			shellPath = /bin/bash;
			shellScript = "/usr/local/bin/mogenerator --v2 -O Fields/Models/  --model Fields/Models/FieldsModel.xcdatamodeld/\n\necho 🐼";
		};
/* End PBXShellScriptBuildPhase section */

/* Begin PBXSourcesBuildPhase section */
		833E59D01A1CEE4400CB03EE /* Sources */ = {
			isa = PBXSourcesBuildPhase;
			buildActionMask = 2147483647;
			files = (
				833E59DD1A1CEE4400CB03EE /* AppDelegate.m in Sources */,
				837CE19C1A1FA0DE0093AF4C /* ProjectAddNewViewController.m in Sources */,
				833E5A061A1D096300CB03EE /* ProjectMock.m in Sources */,
				8378CF671A1E4A8F00EB47F8 /* _Project.m in Sources */,
				8378CF681A1E4A8F00EB47F8 /* Project.m in Sources */,
				8378CF581A1E3CA300EB47F8 /* MBCoreDataStack.m in Sources */,
				833E5A0F1A1D0E5B00CB03EE /* MocksProvider.m in Sources */,
				833E5A091A1D097800CB03EE /* FormMock.m in Sources */,
				837CE1961A1F8D460093AF4C /* FieldsModel.xcdatamodeld in Sources */,
				8352AB721A1E9E7300284687 /* MBCoreDataFetchControllerHelper.m in Sources */,
				833E5A0C1A1D0C6A00CB03EE /* ReportMock.m in Sources */,
				83AC7E701A20ADCA00FD291E /* FormsViewController.m in Sources */,
				833E5A011A1D072300CB03EE /* ProjectsViewController.m in Sources */,
				837CE1991A1FA0610093AF4C /* MBCModalVCAnimator.m in Sources */,
				8352AB761A1EA92400284687 /* MBCoreDataCollectionViewController.m in Sources */,
				833E59DA1A1CEE4400CB03EE /* main.m in Sources */,
				833E5A121A1D1D1400CB03EE /* ProjectCell.m in Sources */,
			);
			runOnlyForDeploymentPostprocessing = 0;
		};
		833E59E91A1CEE4400CB03EE /* Sources */ = {
			isa = PBXSourcesBuildPhase;
			buildActionMask = 2147483647;
			files = (
				8378CF531A1E2A4700EB47F8 /* ProjectTests.m in Sources */,
			);
			runOnlyForDeploymentPostprocessing = 0;
		};
/* End PBXSourcesBuildPhase section */

/* Begin PBXTargetDependency section */
		833E59EF1A1CEE4400CB03EE /* PBXTargetDependency */ = {
			isa = PBXTargetDependency;
			target = 833E59D31A1CEE4400CB03EE /* Fields */;
			targetProxy = 833E59EE1A1CEE4400CB03EE /* PBXContainerItemProxy */;
		};
/* End PBXTargetDependency section */

/* Begin PBXVariantGroup section */
		833E59E11A1CEE4400CB03EE /* Main.storyboard */ = {
			isa = PBXVariantGroup;
			children = (
				833E59E21A1CEE4400CB03EE /* Base */,
			);
			name = Main.storyboard;
			sourceTree = "<group>";
		};
		833E59E61A1CEE4400CB03EE /* LaunchScreen.xib */ = {
			isa = PBXVariantGroup;
			children = (
				833E59E71A1CEE4400CB03EE /* Base */,
			);
			name = LaunchScreen.xib;
			sourceTree = "<group>";
		};
/* End PBXVariantGroup section */

/* Begin XCBuildConfiguration section */
		833E59F51A1CEE4400CB03EE /* Debug */ = {
			isa = XCBuildConfiguration;
			buildSettings = {
				ALWAYS_SEARCH_USER_PATHS = NO;
				CLANG_CXX_LANGUAGE_STANDARD = "gnu++0x";
				CLANG_CXX_LIBRARY = "libc++";
				CLANG_ENABLE_MODULES = YES;
				CLANG_ENABLE_OBJC_ARC = YES;
				CLANG_WARN_BOOL_CONVERSION = YES;
				CLANG_WARN_CONSTANT_CONVERSION = YES;
				CLANG_WARN_DIRECT_OBJC_ISA_USAGE = YES_ERROR;
				CLANG_WARN_EMPTY_BODY = YES;
				CLANG_WARN_ENUM_CONVERSION = YES;
				CLANG_WARN_INT_CONVERSION = YES;
				CLANG_WARN_OBJC_ROOT_CLASS = YES_ERROR;
				CLANG_WARN_UNREACHABLE_CODE = YES;
				CLANG_WARN__DUPLICATE_METHOD_MATCH = YES;
				"CODE_SIGN_IDENTITY[sdk=iphoneos*]" = "iPhone Developer";
				COPY_PHASE_STRIP = NO;
				ENABLE_STRICT_OBJC_MSGSEND = YES;
				GCC_C_LANGUAGE_STANDARD = gnu99;
				GCC_DYNAMIC_NO_PIC = NO;
				GCC_OPTIMIZATION_LEVEL = 0;
				GCC_PREPROCESSOR_DEFINITIONS = (
					"DEBUG=1",
					"$(inherited)",
				);
				GCC_SYMBOLS_PRIVATE_EXTERN = NO;
				GCC_WARN_64_TO_32_BIT_CONVERSION = YES;
				GCC_WARN_ABOUT_RETURN_TYPE = YES_ERROR;
				GCC_WARN_UNDECLARED_SELECTOR = YES;
				GCC_WARN_UNINITIALIZED_AUTOS = YES_AGGRESSIVE;
				GCC_WARN_UNUSED_FUNCTION = YES;
				GCC_WARN_UNUSED_VARIABLE = YES;
				IPHONEOS_DEPLOYMENT_TARGET = 8.0;
				MTL_ENABLE_DEBUG_INFO = YES;
				ONLY_ACTIVE_ARCH = YES;
				SDKROOT = iphoneos;
				TARGETED_DEVICE_FAMILY = 2;
			};
			name = Debug;
		};
		833E59F61A1CEE4400CB03EE /* Release */ = {
			isa = XCBuildConfiguration;
			buildSettings = {
				ALWAYS_SEARCH_USER_PATHS = NO;
				CLANG_CXX_LANGUAGE_STANDARD = "gnu++0x";
				CLANG_CXX_LIBRARY = "libc++";
				CLANG_ENABLE_MODULES = YES;
				CLANG_ENABLE_OBJC_ARC = YES;
				CLANG_WARN_BOOL_CONVERSION = YES;
				CLANG_WARN_CONSTANT_CONVERSION = YES;
				CLANG_WARN_DIRECT_OBJC_ISA_USAGE = YES_ERROR;
				CLANG_WARN_EMPTY_BODY = YES;
				CLANG_WARN_ENUM_CONVERSION = YES;
				CLANG_WARN_INT_CONVERSION = YES;
				CLANG_WARN_OBJC_ROOT_CLASS = YES_ERROR;
				CLANG_WARN_UNREACHABLE_CODE = YES;
				CLANG_WARN__DUPLICATE_METHOD_MATCH = YES;
				CODE_SIGN_IDENTITY = "iPhone Distribution: Maria Bernis (393JTM9U95)";
				"CODE_SIGN_IDENTITY[sdk=iphoneos*]" = "iPhone Distribution: Maria Bernis (393JTM9U95)";
				COPY_PHASE_STRIP = YES;
				ENABLE_NS_ASSERTIONS = NO;
				ENABLE_STRICT_OBJC_MSGSEND = YES;
				GCC_C_LANGUAGE_STANDARD = gnu99;
				GCC_WARN_64_TO_32_BIT_CONVERSION = YES;
				GCC_WARN_ABOUT_RETURN_TYPE = YES_ERROR;
				GCC_WARN_UNDECLARED_SELECTOR = YES;
				GCC_WARN_UNINITIALIZED_AUTOS = YES_AGGRESSIVE;
				GCC_WARN_UNUSED_FUNCTION = YES;
				GCC_WARN_UNUSED_VARIABLE = YES;
				IPHONEOS_DEPLOYMENT_TARGET = 8.0;
				MTL_ENABLE_DEBUG_INFO = NO;
				SDKROOT = iphoneos;
				TARGETED_DEVICE_FAMILY = 2;
				VALIDATE_PRODUCT = YES;
			};
			name = Release;
		};
		833E59F81A1CEE4400CB03EE /* Debug */ = {
			isa = XCBuildConfiguration;
			baseConfigurationReference = D9CF3F0677FE125DE4199750 /* Pods.debug.xcconfig */;
			buildSettings = {
				ASSETCATALOG_COMPILER_APPICON_NAME = AppIcon;
				INFOPLIST_FILE = "Fields/Supporting Files/Info.plist";
				LD_RUNPATH_SEARCH_PATHS = "$(inherited) @executable_path/Frameworks";
				PRODUCT_NAME = "$(TARGET_NAME)";
			};
			name = Debug;
		};
		833E59F91A1CEE4400CB03EE /* Release */ = {
			isa = XCBuildConfiguration;
			baseConfigurationReference = 81FE7BF3637D1196F5729A26 /* Pods.release.xcconfig */;
			buildSettings = {
				ASSETCATALOG_COMPILER_APPICON_NAME = AppIcon;
				INFOPLIST_FILE = "Fields/Supporting Files/Info.plist";
				LD_RUNPATH_SEARCH_PATHS = "$(inherited) @executable_path/Frameworks";
				PRODUCT_NAME = "$(TARGET_NAME)";
			};
			name = Release;
		};
		833E59FB1A1CEE4400CB03EE /* Debug */ = {
			isa = XCBuildConfiguration;
			buildSettings = {
				BUNDLE_LOADER = "$(TEST_HOST)";
				FRAMEWORK_SEARCH_PATHS = (
					"$(SDKROOT)/Developer/Library/Frameworks",
					"$(inherited)",
				);
				GCC_PREPROCESSOR_DEFINITIONS = (
					"DEBUG=1",
					"$(inherited)",
				);
				INFOPLIST_FILE = "FieldsTests/Supporting Files/Info.plist";
				LD_RUNPATH_SEARCH_PATHS = "$(inherited) @executable_path/Frameworks @loader_path/Frameworks";
				PRODUCT_NAME = "$(TARGET_NAME)";
				TEST_HOST = "$(BUILT_PRODUCTS_DIR)/Fields.app/Fields";
			};
			name = Debug;
		};
		833E59FC1A1CEE4400CB03EE /* Release */ = {
			isa = XCBuildConfiguration;
			buildSettings = {
				BUNDLE_LOADER = "$(TEST_HOST)";
				FRAMEWORK_SEARCH_PATHS = (
					"$(SDKROOT)/Developer/Library/Frameworks",
					"$(inherited)",
				);
				INFOPLIST_FILE = "FieldsTests/Supporting Files/Info.plist";
				LD_RUNPATH_SEARCH_PATHS = "$(inherited) @executable_path/Frameworks @loader_path/Frameworks";
				PRODUCT_NAME = "$(TARGET_NAME)";
				TEST_HOST = "$(BUILT_PRODUCTS_DIR)/Fields.app/Fields";
			};
			name = Release;
		};
		8378CF601A1E486100EB47F8 /* Debug */ = {
			isa = XCBuildConfiguration;
			buildSettings = {
				PRODUCT_NAME = "$(TARGET_NAME)";
			};
			name = Debug;
		};
		8378CF611A1E486100EB47F8 /* Release */ = {
			isa = XCBuildConfiguration;
			buildSettings = {
				PRODUCT_NAME = "$(TARGET_NAME)";
			};
			name = Release;
		};
/* End XCBuildConfiguration section */

/* Begin XCConfigurationList section */
		833E59CF1A1CEE4400CB03EE /* Build configuration list for PBXProject "Fields" */ = {
			isa = XCConfigurationList;
			buildConfigurations = (
				833E59F51A1CEE4400CB03EE /* Debug */,
				833E59F61A1CEE4400CB03EE /* Release */,
			);
			defaultConfigurationIsVisible = 0;
			defaultConfigurationName = Release;
		};
		833E59F71A1CEE4400CB03EE /* Build configuration list for PBXNativeTarget "Fields" */ = {
			isa = XCConfigurationList;
			buildConfigurations = (
				833E59F81A1CEE4400CB03EE /* Debug */,
				833E59F91A1CEE4400CB03EE /* Release */,
			);
			defaultConfigurationIsVisible = 0;
			defaultConfigurationName = Release;
		};
		833E59FA1A1CEE4400CB03EE /* Build configuration list for PBXNativeTarget "FieldsTests" */ = {
			isa = XCConfigurationList;
			buildConfigurations = (
				833E59FB1A1CEE4400CB03EE /* Debug */,
				833E59FC1A1CEE4400CB03EE /* Release */,
			);
			defaultConfigurationIsVisible = 0;
			defaultConfigurationName = Release;
		};
		8378CF5F1A1E486100EB47F8 /* Build configuration list for PBXAggregateTarget "Mogenerator" */ = {
			isa = XCConfigurationList;
			buildConfigurations = (
				8378CF601A1E486100EB47F8 /* Debug */,
				8378CF611A1E486100EB47F8 /* Release */,
			);
			defaultConfigurationIsVisible = 0;
			defaultConfigurationName = Release;
		};
/* End XCConfigurationList section */

/* Begin XCVersionGroup section */
		837CE1941A1F8D460093AF4C /* FieldsModel.xcdatamodeld */ = {
			isa = XCVersionGroup;
			children = (
				837CE1951A1F8D460093AF4C /* FieldsModel.xcdatamodel */,
			);
			currentVersion = 837CE1951A1F8D460093AF4C /* FieldsModel.xcdatamodel */;
			path = FieldsModel.xcdatamodeld;
			sourceTree = "<group>";
			versionGroupType = wrapper.xcdatamodel;
		};
/* End XCVersionGroup section */
	};
	rootObject = 833E59CC1A1CEE4400CB03EE /* Project object */;
}
